// !$*UTF8*$!
{
	archiveVersion = 1;
	classes = {
	};
	objectVersion = 50;
	objects = {

/* Begin PBXBuildFile section */
		AF73D4F4245933800072C3FA /* AppDelegate.swift in Sources */ = {isa = PBXBuildFile; fileRef = AF73D4F3245933800072C3FA /* AppDelegate.swift */; };
		AF73D4F8245933800072C3FA /* ViewController.swift in Sources */ = {isa = PBXBuildFile; fileRef = AF73D4F7245933800072C3FA /* ViewController.swift */; };
		AF73D4FB245933800072C3FA /* Main.storyboard in Resources */ = {isa = PBXBuildFile; fileRef = AF73D4F9245933800072C3FA /* Main.storyboard */; };
		AF73D4FD245933830072C3FA /* Assets.xcassets in Resources */ = {isa = PBXBuildFile; fileRef = AF73D4FC245933830072C3FA /* Assets.xcassets */; };
		AF73D500245933830072C3FA /* LaunchScreen.storyboard in Resources */ = {isa = PBXBuildFile; fileRef = AF73D4FE245933830072C3FA /* LaunchScreen.storyboard */; };
		AF73D508245939E40072C3FA /* AlertViewController.swift in Sources */ = {isa = PBXBuildFile; fileRef = AF73D507245939E40072C3FA /* AlertViewController.swift */; };
/* End PBXBuildFile section */

/* Begin PBXFileReference section */
		AF73D4F0245933800072C3FA /* 20200429-Practice-Alert-Controller-Alike.app */ = {isa = PBXFileReference; explicitFileType = wrapper.application; includeInIndex = 0; path = "20200429-Practice-Alert-Controller-Alike.app"; sourceTree = BUILT_PRODUCTS_DIR; };
		AF73D4F3245933800072C3FA /* AppDelegate.swift */ = {isa = PBXFileReference; lastKnownFileType = sourcecode.swift; path = AppDelegate.swift; sourceTree = "<group>"; };
		AF73D4F7245933800072C3FA /* ViewController.swift */ = {isa = PBXFileReference; lastKnownFileType = sourcecode.swift; path = ViewController.swift; sourceTree = "<group>"; };
		AF73D4FA245933800072C3FA /* Base */ = {isa = PBXFileReference; lastKnownFileType = file.storyboard; name = Base; path = Base.lproj/Main.storyboard; sourceTree = "<group>"; };
		AF73D4FC245933830072C3FA /* Assets.xcassets */ = {isa = PBXFileReference; lastKnownFileType = folder.assetcatalog; path = Assets.xcassets; sourceTree = "<group>"; };
		AF73D4FF245933830072C3FA /* Base */ = {isa = PBXFileReference; lastKnownFileType = file.storyboard; name = Base; path = Base.lproj/LaunchScreen.storyboard; sourceTree = "<group>"; };
		AF73D501245933830072C3FA /* Info.plist */ = {isa = PBXFileReference; lastKnownFileType = text.plist.xml; path = Info.plist; sourceTree = "<group>"; };
		AF73D507245939E40072C3FA /* AlertViewController.swift */ = {isa = PBXFileReference; lastKnownFileType = sourcecode.swift; path = AlertViewController.swift; sourceTree = "<group>"; };
/* End PBXFileReference section */

/* Begin PBXFrameworksBuildPhase section */
		AF73D4ED245933800072C3FA /* Frameworks */ = {
			isa = PBXFrameworksBuildPhase;
			buildActionMask = 2147483647;
			files = (
			);
			runOnlyForDeploymentPostprocessing = 0;
		};
/* End PBXFrameworksBuildPhase section */

/* Begin PBXGroup section */
		AF73D4E7245933800072C3FA = {
			isa = PBXGroup;
			children = (
				AF73D4F2245933800072C3FA /* 20200429-Practice-Alert-Controller-Alike */,
				AF73D4F1245933800072C3FA /* Products */,
			);
			sourceTree = "<group>";
		};
		AF73D4F1245933800072C3FA /* Products */ = {
			isa = PBXGroup;
			children = (
				AF73D4F0245933800072C3FA /* 20200429-Practice-Alert-Controller-Alike.app */,
			);
			name = Products;
			sourceTree = "<group>";
		};
		AF73D4F2245933800072C3FA /* 20200429-Practice-Alert-Controller-Alike */ = {
			isa = PBXGroup;
			children = (
				AF73D4F3245933800072C3FA /* AppDelegate.swift */,
				AF73D4F7245933800072C3FA /* ViewController.swift */,
				AF73D507245939E40072C3FA /* AlertViewController.swift */,
				AF73D4F9245933800072C3FA /* Main.storyboard */,
				AF73D4FC245933830072C3FA /* Assets.xcassets */,
				AF73D4FE245933830072C3FA /* LaunchScreen.storyboard */,
				AF73D501245933830072C3FA /* Info.plist */,
			);
			path = "20200429-Practice-Alert-Controller-Alike";
			sourceTree = "<group>";
		};
/* End PBXGroup section */

/* Begin PBXNativeTarget section */
		AF73D4EF245933800072C3FA /* 20200429-Practice-Alert-Controller-Alike */ = {
			isa = PBXNativeTarget;
			buildConfigurationList = AF73D504245933830072C3FA /* Build configuration list for PBXNativeTarget "20200429-Practice-Alert-Controller-Alike" */;
			buildPhases = (
				AF73D4EC245933800072C3FA /* Sources */,
				AF73D4ED245933800072C3FA /* Frameworks */,
				AF73D4EE245933800072C3FA /* Resources */,
			);
			buildRules = (
			);
			dependencies = (
			);
			name = "20200429-Practice-Alert-Controller-Alike";
			productName = "20200429-Practice-Alert-Controller-Alike";
			productReference = AF73D4F0245933800072C3FA /* 20200429-Practice-Alert-Controller-Alike.app */;
			productType = "com.apple.product-type.application";
		};
/* End PBXNativeTarget section */

/* Begin PBXProject section */
		AF73D4E8245933800072C3FA /* Project object */ = {
			isa = PBXProject;
			attributes = {
				LastSwiftUpdateCheck = 1140;
				LastUpgradeCheck = 1140;
				ORGANIZATIONNAME = jwcheon;
				TargetAttributes = {
					AF73D4EF245933800072C3FA = {
						CreatedOnToolsVersion = 11.4.1;
					};
				};
			};
			buildConfigurationList = AF73D4EB245933800072C3FA /* Build configuration list for PBXProject "20200429-Practice-Alert-Controller-Alike" */;
			compatibilityVersion = "Xcode 9.3";
			developmentRegion = en;
			hasScannedForEncodings = 0;
			knownRegions = (
				en,
				Base,
			);
			mainGroup = AF73D4E7245933800072C3FA;
			productRefGroup = AF73D4F1245933800072C3FA /* Products */;
			projectDirPath = "";
			projectRoot = "";
			targets = (
				AF73D4EF245933800072C3FA /* 20200429-Practice-Alert-Controller-Alike */,
			);
		};
/* End PBXProject section */

/* Begin PBXResourcesBuildPhase section */
		AF73D4EE245933800072C3FA /* Resources */ = {
			isa = PBXResourcesBuildPhase;
			buildActionMask = 2147483647;
			files = (
				AF73D500245933830072C3FA /* LaunchScreen.storyboard in Resources */,
				AF73D4FD245933830072C3FA /* Assets.xcassets in Resources */,
				AF73D4FB245933800072C3FA /* Main.storyboard in Resources */,
			);
			runOnlyForDeploymentPostprocessing = 0;
		};
/* End PBXResourcesBuildPhase section */

/* Begin PBXSourcesBuildPhase section */
		AF73D4EC245933800072C3FA /* Sources */ = {
			isa = PBXSourcesBuildPhase;
			buildActionMask = 2147483647;
			files = (
				AF73D4F8245933800072C3FA /* ViewController.swift in Sources */,
				AF73D508245939E40072C3FA /* AlertViewController.swift in Sources */,
				AF73D4F4245933800072C3FA /* AppDelegate.swift in Sources */,
			);
			runOnlyForDeploymentPostprocessing = 0;
		};
/* End PBXSourcesBuildPhase section */

/* Begin PBXVariantGroup section */
		AF73D4F9245933800072C3FA /* Main.storyboard */ = {
			isa = PBXVariantGroup;
			children = (
				AF73D4FA245933800072C3FA /* Base */,
			);
			name = Main.storyboard;
			sourceTree = "<group>";
		};
		AF73D4FE245933830072C3FA /* LaunchScreen.storyboard */ = {
			isa = PBXVariantGroup;
			children = (
				AF73D4FF245933830072C3FA /* Base */,
			);
			name = LaunchScreen.storyboard;
			sourceTree = "<group>";
		};
/* End PBXVariantGroup section */

/* Begin XCBuildConfiguration section */
		AF73D502245933830072C3FA /* Debug */ = {
			isa = XCBuildConfiguration;
			buildSettings = {
				ALWAYS_SEARCH_USER_PATHS = NO;
				CLANG_ANALYZER_NONNULL = YES;
				CLANG_ANALYZER_NUMBER_OBJECT_CONVERSION = YES_AGGRESSIVE;
				CLANG_CXX_LANGUAGE_STANDARD = "gnu++14";
				CLANG_CXX_LIBRARY = "libc++";
				CLANG_ENABLE_MODULES = YES;
				CLANG_ENABLE_OBJC_ARC = YES;
				CLANG_ENABLE_OBJC_WEAK = YES;
				CLANG_WARN_BLOCK_CAPTURE_AUTORELEASING = YES;
				CLANG_WARN_BOOL_CONVERSION = YES;
				CLANG_WARN_COMMA = YES;
				CLANG_WARN_CONSTANT_CONVERSION = YES;
				CLANG_WARN_DEPRECATED_OBJC_IMPLEMENTATIONS = YES;
				CLANG_WARN_DIRECT_OBJC_ISA_USAGE = YES_ERROR;
				CLANG_WARN_DOCUMENTATION_COMMENTS = YES;
				CLANG_WARN_EMPTY_BODY = YES;
				CLANG_WARN_ENUM_CONVERSION = YES;
				CLANG_WARN_INFINITE_RECURSION = YES;
				CLANG_WARN_INT_CONVERSION = YES;
				CLANG_WARN_NON_LITERAL_NULL_CONVERSION = YES;
				CLANG_WARN_OBJC_IMPLICIT_RETAIN_SELF = YES;
				CLANG_WARN_OBJC_LITERAL_CONVERSION = YES;
				CLANG_WARN_OBJC_ROOT_CLASS = YES_ERROR;
				CLANG_WARN_RANGE_LOOP_ANALYSIS = YES;
				CLANG_WARN_STRICT_PROTOTYPES = YES;
				CLANG_WARN_SUSPICIOUS_MOVE = YES;
				CLANG_WARN_UNGUARDED_AVAILABILITY = YES_AGGRESSIVE;
				CLANG_WARN_UNREACHABLE_CODE = YES;
				CLANG_WARN__DUPLICATE_METHOD_MATCH = YES;
				COPY_PHASE_STRIP = NO;
				DEBUG_INFORMATION_FORMAT = dwarf;
				ENABLE_STRICT_OBJC_MSGSEND = YES;
				ENABLE_TESTABILITY = YES;
				GCC_C_LANGUAGE_STANDARD = gnu11;
				GCC_DYNAMIC_NO_PIC = NO;
				GCC_NO_COMMON_BLOCKS = YES;
				GCC_OPTIMIZATION_LEVEL = 0;
				GCC_PREPROCESSOR_DEFINITIONS = (
					"DEBUG=1",
					"$(inherited)",
				);
				GCC_WARN_64_TO_32_BIT_CONVERSION = YES;
				GCC_WARN_ABOUT_RETURN_TYPE = YES_ERROR;
				GCC_WARN_UNDECLARED_SELECTOR = YES;
				GCC_WARN_UNINITIALIZED_AUTOS = YES_AGGRESSIVE;
				GCC_WARN_UNUSED_FUNCTION = YES;
				GCC_WARN_UNUSED_VARIABLE = YES;
				IPHONEOS_DEPLOYMENT_TARGET = 13.4;
				MTL_ENABLE_DEBUG_INFO = INCLUDE_SOURCE;
				MTL_FAST_MATH = YES;
				ONLY_ACTIVE_ARCH = YES;
				SDKROOT = iphoneos;
				SWIFT_ACTIVE_COMPILATION_CONDITIONS = DEBUG;
				SWIFT_OPTIMIZATION_LEVEL = "-Onone";
			};
			name = Debug;
		};
		AF73D503245933830072C3FA /* Release */ = {
			isa = XCBuildConfiguration;
			buildSettings = {
				ALWAYS_SEARCH_USER_PATHS = NO;
				CLANG_ANALYZER_NONNULL = YES;
				CLANG_ANALYZER_NUMBER_OBJECT_CONVERSION = YES_AGGRESSIVE;
				CLANG_CXX_LANGUAGE_STANDARD = "gnu++14";
				CLANG_CXX_LIBRARY = "libc++";
				CLANG_ENABLE_MODULES = YES;
				CLANG_ENABLE_OBJC_ARC = YES;
				CLANG_ENABLE_OBJC_WEAK = YES;
				CLANG_WARN_BLOCK_CAPTURE_AUTORELEASING = YES;
				CLANG_WARN_BOOL_CONVERSION = YES;
				CLANG_WARN_COMMA = YES;
				CLANG_WARN_CONSTANT_CONVERSION = YES;
				CLANG_WARN_DEPRECATED_OBJC_IMPLEMENTATIONS = YES;
				CLANG_WARN_DIRECT_OBJC_ISA_USAGE = YES_ERROR;
				CLANG_WARN_DOCUMENTATION_COMMENTS = YES;
				CLANG_WARN_EMPTY_BODY = YES;
				CLANG_WARN_ENUM_CONVERSION = YES;
				CLANG_WARN_INFINITE_RECURSION = YES;
				CLANG_WARN_INT_CONVERSION = YES;
				CLANG_WARN_NON_LITERAL_NULL_CONVERSION = YES;
				CLANG_WARN_OBJC_IMPLICIT_RETAIN_SELF = YES;
				CLANG_WARN_OBJC_LITERAL_CONVERSION = YES;
				CLANG_WARN_OBJC_ROOT_CLASS = YES_ERROR;
				CLANG_WARN_RANGE_LOOP_ANALYSIS = YES;
				CLANG_WARN_STRICT_PROTOTYPES = YES;
				CLANG_WARN_SUSPICIOUS_MOVE = YES;
				CLANG_WARN_UNGUARDED_AVAILABILITY = YES_AGGRESSIVE;
				CLANG_WARN_UNREACHABLE_CODE = YES;
				CLANG_WARN__DUPLICATE_METHOD_MATCH = YES;
				COPY_PHASE_STRIP = NO;
				DEBUG_INFORMATION_FORMAT = "dwarf-with-dsym";
				ENABLE_NS_ASSERTIONS = NO;
				ENABLE_STRICT_OBJC_MSGSEND = YES;
				GCC_C_LANGUAGE_STANDARD = gnu11;
				GCC_NO_COMMON_BLOCKS = YES;
				GCC_WARN_64_TO_32_BIT_CONVERSION = YES;
				GCC_WARN_ABOUT_RETURN_TYPE = YES_ERROR;
				GCC_WARN_UNDECLARED_SELECTOR = YES;
				GCC_WARN_UNINITIALIZED_AUTOS = YES_AGGRESSIVE;
				GCC_WARN_UNUSED_FUNCTION = YES;
				GCC_WARN_UNUSED_VARIABLE = YES;
				IPHONEOS_DEPLOYMENT_TARGET = 13.4;
				MTL_ENABLE_DEBUG_INFO = NO;
				MTL_FAST_MATH = YES;
				SDKROOT = iphoneos;
				SWIFT_COMPILATION_MODE = wholemodule;
				SWIFT_OPTIMIZATION_LEVEL = "-O";
				VALIDATE_PRODUCT = YES;
			};
			name = Release;
		};
		AF73D505245933830072C3FA /* Debug */ = {
			isa = XCBuildConfiguration;
			buildSettings = {
				ASSETCATALOG_COMPILER_APPICON_NAME = AppIcon;
				CODE_SIGN_STYLE = Automatic;
				INFOPLIST_FILE = "20200429-Practice-Alert-Controller-Alike/Info.plist";
				LD_RUNPATH_SEARCH_PATHS = (
					"$(inherited)",
					"@executable_path/Frameworks",
				);
				PRODUCT_BUNDLE_IDENTIFIER = "com.JWiOS.-0200429-Practice-Alert-Controller-Alike";
				PRODUCT_NAME = "$(TARGET_NAME)";
				SWIFT_VERSION = 5.0;
				TARGETED_DEVICE_FAMILY = 1;
			};
			name = Debug;
		};
		AF73D506245933830072C3FA /* Release */ = {
			isa = XCBuildConfiguration;
			buildSettings = {
				ASSETCATALOG_COMPILER_APPICON_NAME = AppIcon;
				CODE_SIGN_STYLE = Automatic;
				INFOPLIST_FILE = "20200429-Practice-Alert-Controller-Alike/Info.plist";
				LD_RUNPATH_SEARCH_PATHS = (
					"$(inherited)",
					"@executable_path/Frameworks",
				);
				PRODUCT_BUNDLE_IDENTIFIER = "com.JWiOS.-0200429-Practice-Alert-Controller-Alike";
				PRODUCT_NAME = "$(TARGET_NAME)";
				SWIFT_VERSION = 5.0;
				TARGETED_DEVICE_FAMILY = 1;
			};
			name = Release;
		};
/* End XCBuildConfiguration section */

/* Begin XCConfigurationList section */
		AF73D4EB245933800072C3FA /* Build configuration list for PBXProject "20200429-Practice-Alert-Controller-Alike" */ = {
			isa = XCConfigurationList;
			buildConfigurations = (
				AF73D502245933830072C3FA /* Debug */,
				AF73D503245933830072C3FA /* Release */,
			);
			defaultConfigurationIsVisible = 0;
			defaultConfigurationName = Release;
		};
		AF73D504245933830072C3FA /* Build configuration list for PBXNativeTarget "20200429-Practice-Alert-Controller-Alike" */ = {
			isa = XCConfigurationList;
			buildConfigurations = (
				AF73D505245933830072C3FA /* Debug */,
				AF73D506245933830072C3FA /* Release */,
			);
			defaultConfigurationIsVisible = 0;
			defaultConfigurationName = Release;
		};
/* End XCConfigurationList section */
	};
	rootObject = AF73D4E8245933800072C3FA /* Project object */;
}
