// !$*UTF8*$!
{
	archiveVersion = 1;
	classes = {
	};
	objectVersion = 50;
	objects = {

/* Begin PBXBuildFile section */
		AF879E0A245BE7F8004B0E7B /* AppDelegate.swift in Sources */ = {isa = PBXBuildFile; fileRef = AF879E09245BE7F8004B0E7B /* AppDelegate.swift */; };
		AF879E0C245BE7F8004B0E7B /* SceneDelegate.swift in Sources */ = {isa = PBXBuildFile; fileRef = AF879E0B245BE7F8004B0E7B /* SceneDelegate.swift */; };
		AF879E0E245BE7F8004B0E7B /* ViewController.swift in Sources */ = {isa = PBXBuildFile; fileRef = AF879E0D245BE7F8004B0E7B /* ViewController.swift */; };
		AF879E11245BE7F8004B0E7B /* Main.storyboard in Resources */ = {isa = PBXBuildFile; fileRef = AF879E0F245BE7F8004B0E7B /* Main.storyboard */; };
		AF879E13245BE7F9004B0E7B /* Assets.xcassets in Resources */ = {isa = PBXBuildFile; fileRef = AF879E12245BE7F9004B0E7B /* Assets.xcassets */; };
		AF879E16245BE7F9004B0E7B /* LaunchScreen.storyboard in Resources */ = {isa = PBXBuildFile; fileRef = AF879E14245BE7F9004B0E7B /* LaunchScreen.storyboard */; };
/* End PBXBuildFile section */

/* Begin PBXFileReference section */
		AF879E06245BE7F8004B0E7B /* OrderProject.app */ = {isa = PBXFileReference; explicitFileType = wrapper.application; includeInIndex = 0; path = OrderProject.app; sourceTree = BUILT_PRODUCTS_DIR; };
		AF879E09245BE7F8004B0E7B /* AppDelegate.swift */ = {isa = PBXFileReference; lastKnownFileType = sourcecode.swift; path = AppDelegate.swift; sourceTree = "<group>"; };
		AF879E0B245BE7F8004B0E7B /* SceneDelegate.swift */ = {isa = PBXFileReference; lastKnownFileType = sourcecode.swift; path = SceneDelegate.swift; sourceTree = "<group>"; };
		AF879E0D245BE7F8004B0E7B /* ViewController.swift */ = {isa = PBXFileReference; lastKnownFileType = sourcecode.swift; path = ViewController.swift; sourceTree = "<group>"; };
		AF879E10245BE7F8004B0E7B /* Base */ = {isa = PBXFileReference; lastKnownFileType = file.storyboard; name = Base; path = Base.lproj/Main.storyboard; sourceTree = "<group>"; };
		AF879E12245BE7F9004B0E7B /* Assets.xcassets */ = {isa = PBXFileReference; lastKnownFileType = folder.assetcatalog; path = Assets.xcassets; sourceTree = "<group>"; };
		AF879E15245BE7F9004B0E7B /* Base */ = {isa = PBXFileReference; lastKnownFileType = file.storyboard; name = Base; path = Base.lproj/LaunchScreen.storyboard; sourceTree = "<group>"; };
		AF879E17245BE7F9004B0E7B /* Info.plist */ = {isa = PBXFileReference; lastKnownFileType = text.plist.xml; path = Info.plist; sourceTree = "<group>"; };
/* End PBXFileReference section */

/* Begin PBXFrameworksBuildPhase section */
		AF879E03245BE7F8004B0E7B /* Frameworks */ = {
			isa = PBXFrameworksBuildPhase;
			buildActionMask = 2147483647;
			files = (
			);
			runOnlyForDeploymentPostprocessing = 0;
		};
/* End PBXFrameworksBuildPhase section */

/* Begin PBXGroup section */
		AF879DFD245BE7F8004B0E7B = {
			isa = PBXGroup;
			children = (
				AF879E08245BE7F8004B0E7B /* OrderProject */,
				AF879E07245BE7F8004B0E7B /* Products */,
			);
			sourceTree = "<group>";
		};
		AF879E07245BE7F8004B0E7B /* Products */ = {
			isa = PBXGroup;
			children = (
				AF879E06245BE7F8004B0E7B /* OrderProject.app */,
			);
			name = Products;
			sourceTree = "<group>";
		};
		AF879E08245BE7F8004B0E7B /* OrderProject */ = {
			isa = PBXGroup;
			children = (
				AF879E09245BE7F8004B0E7B /* AppDelegate.swift */,
				AF879E0B245BE7F8004B0E7B /* SceneDelegate.swift */,
				AF879E0D245BE7F8004B0E7B /* ViewController.swift */,
				AF879E0F245BE7F8004B0E7B /* Main.storyboard */,
				AF879E12245BE7F9004B0E7B /* Assets.xcassets */,
				AF879E14245BE7F9004B0E7B /* LaunchScreen.storyboard */,
				AF879E17245BE7F9004B0E7B /* Info.plist */,
			);
			path = OrderProject;
			sourceTree = "<group>";
		};
/* End PBXGroup section */

/* Begin PBXNativeTarget section */
		AF879E05245BE7F8004B0E7B /* OrderProject */ = {
			isa = PBXNativeTarget;
			buildConfigurationList = AF879E1A245BE7F9004B0E7B /* Build configuration list for PBXNativeTarget "OrderProject" */;
			buildPhases = (
				AF879E02245BE7F8004B0E7B /* Sources */,
				AF879E03245BE7F8004B0E7B /* Frameworks */,
				AF879E04245BE7F8004B0E7B /* Resources */,
			);
			buildRules = (
			);
			dependencies = (
			);
			name = OrderProject;
			productName = OrderProject;
			productReference = AF879E06245BE7F8004B0E7B /* OrderProject.app */;
			productType = "com.apple.product-type.application";
		};
/* End PBXNativeTarget section */

/* Begin PBXProject section */
		AF879DFE245BE7F8004B0E7B /* Project object */ = {
			isa = PBXProject;
			attributes = {
				LastSwiftUpdateCheck = 1140;
				LastUpgradeCheck = 1140;
				ORGANIZATIONNAME = jwcheon;
				TargetAttributes = {
					AF879E05245BE7F8004B0E7B = {
						CreatedOnToolsVersion = 11.4.1;
					};
				};
			};
			buildConfigurationList = AF879E01245BE7F8004B0E7B /* Build configuration list for PBXProject "OrderProject" */;
			compatibilityVersion = "Xcode 9.3";
			developmentRegion = en;
			hasScannedForEncodings = 0;
			knownRegions = (
				en,
				Base,
			);
			mainGroup = AF879DFD245BE7F8004B0E7B;
			productRefGroup = AF879E07245BE7F8004B0E7B /* Products */;
			projectDirPath = "";
			projectRoot = "";
			targets = (
				AF879E05245BE7F8004B0E7B /* OrderProject */,
			);
		};
/* End PBXProject section */

/* Begin PBXResourcesBuildPhase section */
		AF879E04245BE7F8004B0E7B /* Resources */ = {
			isa = PBXResourcesBuildPhase;
			buildActionMask = 2147483647;
			files = (
				AF879E16245BE7F9004B0E7B /* LaunchScreen.storyboard in Resources */,
				AF879E13245BE7F9004B0E7B /* Assets.xcassets in Resources */,
				AF879E11245BE7F8004B0E7B /* Main.storyboard in Resources */,
			);
			runOnlyForDeploymentPostprocessing = 0;
		};
/* End PBXResourcesBuildPhase section */

/* Begin PBXSourcesBuildPhase section */
		AF879E02245BE7F8004B0E7B /* Sources */ = {
			isa = PBXSourcesBuildPhase;
			buildActionMask = 2147483647;
			files = (
				AF879E0E245BE7F8004B0E7B /* ViewController.swift in Sources */,
				AF879E0A245BE7F8004B0E7B /* AppDelegate.swift in Sources */,
				AF879E0C245BE7F8004B0E7B /* SceneDelegate.swift in Sources */,
			);
			runOnlyForDeploymentPostprocessing = 0;
		};
/* End PBXSourcesBuildPhase section */

/* Begin PBXVariantGroup section */
		AF879E0F245BE7F8004B0E7B /* Main.storyboard */ = {
			isa = PBXVariantGroup;
			children = (
				AF879E10245BE7F8004B0E7B /* Base */,
			);
			name = Main.storyboard;
			sourceTree = "<group>";
		};
		AF879E14245BE7F9004B0E7B /* LaunchScreen.storyboard */ = {
			isa = PBXVariantGroup;
			children = (
				AF879E15245BE7F9004B0E7B /* Base */,
			);
			name = LaunchScreen.storyboard;
			sourceTree = "<group>";
		};
/* End PBXVariantGroup section */

/* Begin XCBuildConfiguration section */
		AF879E18245BE7F9004B0E7B /* Debug */ = {
			isa = XCBuildConfiguration;
			buildSettings = {
				ALWAYS_SEARCH_USER_PATHS = NO;
				CLANG_ANALYZER_NONNULL = YES;
				CLANG_ANALYZER_NUMBER_OBJECT_CONVERSION = YES_AGGRESSIVE;
				CLANG_CXX_LANGUAGE_STANDARD = "gnu++14";
				CLANG_CXX_LIBRARY = "libc++";
				CLANG_ENABLE_MODULES = YES;
				CLANG_ENABLE_OBJC_ARC = YES;
				CLANG_ENABLE_OBJC_WEAK = YES;
				CLANG_WARN_BLOCK_CAPTURE_AUTORELEASING = YES;
				CLANG_WARN_BOOL_CONVERSION = YES;
				CLANG_WARN_COMMA = YES;
				CLANG_WARN_CONSTANT_CONVERSION = YES;
				CLANG_WARN_DEPRECATED_OBJC_IMPLEMENTATIONS = YES;
				CLANG_WARN_DIRECT_OBJC_ISA_USAGE = YES_ERROR;
				CLANG_WARN_DOCUMENTATION_COMMENTS = YES;
				CLANG_WARN_EMPTY_BODY = YES;
				CLANG_WARN_ENUM_CONVERSION = YES;
				CLANG_WARN_INFINITE_RECURSION = YES;
				CLANG_WARN_INT_CONVERSION = YES;
				CLANG_WARN_NON_LITERAL_NULL_CONVERSION = YES;
				CLANG_WARN_OBJC_IMPLICIT_RETAIN_SELF = YES;
				CLANG_WARN_OBJC_LITERAL_CONVERSION = YES;
				CLANG_WARN_OBJC_ROOT_CLASS = YES_ERROR;
				CLANG_WARN_RANGE_LOOP_ANALYSIS = YES;
				CLANG_WARN_STRICT_PROTOTYPES = YES;
				CLANG_WARN_SUSPICIOUS_MOVE = YES;
				CLANG_WARN_UNGUARDED_AVAILABILITY = YES_AGGRESSIVE;
				CLANG_WARN_UNREACHABLE_CODE = YES;
				CLANG_WARN__DUPLICATE_METHOD_MATCH = YES;
				COPY_PHASE_STRIP = NO;
				DEBUG_INFORMATION_FORMAT = dwarf;
				ENABLE_STRICT_OBJC_MSGSEND = YES;
				ENABLE_TESTABILITY = YES;
				GCC_C_LANGUAGE_STANDARD = gnu11;
				GCC_DYNAMIC_NO_PIC = NO;
				GCC_NO_COMMON_BLOCKS = YES;
				GCC_OPTIMIZATION_LEVEL = 0;
				GCC_PREPROCESSOR_DEFINITIONS = (
					"DEBUG=1",
					"$(inherited)",
				);
				GCC_WARN_64_TO_32_BIT_CONVERSION = YES;
				GCC_WARN_ABOUT_RETURN_TYPE = YES_ERROR;
				GCC_WARN_UNDECLARED_SELECTOR = YES;
				GCC_WARN_UNINITIALIZED_AUTOS = YES_AGGRESSIVE;
				GCC_WARN_UNUSED_FUNCTION = YES;
				GCC_WARN_UNUSED_VARIABLE = YES;
				IPHONEOS_DEPLOYMENT_TARGET = 13.4;
				MTL_ENABLE_DEBUG_INFO = INCLUDE_SOURCE;
				MTL_FAST_MATH = YES;
				ONLY_ACTIVE_ARCH = YES;
				SDKROOT = iphoneos;
				SWIFT_ACTIVE_COMPILATION_CONDITIONS = DEBUG;
				SWIFT_OPTIMIZATION_LEVEL = "-Onone";
			};
			name = Debug;
		};
		AF879E19245BE7F9004B0E7B /* Release */ = {
			isa = XCBuildConfiguration;
			buildSettings = {
				ALWAYS_SEARCH_USER_PATHS = NO;
				CLANG_ANALYZER_NONNULL = YES;
				CLANG_ANALYZER_NUMBER_OBJECT_CONVERSION = YES_AGGRESSIVE;
				CLANG_CXX_LANGUAGE_STANDARD = "gnu++14";
				CLANG_CXX_LIBRARY = "libc++";
				CLANG_ENABLE_MODULES = YES;
				CLANG_ENABLE_OBJC_ARC = YES;
				CLANG_ENABLE_OBJC_WEAK = YES;
				CLANG_WARN_BLOCK_CAPTURE_AUTORELEASING = YES;
				CLANG_WARN_BOOL_CONVERSION = YES;
				CLANG_WARN_COMMA = YES;
				CLANG_WARN_CONSTANT_CONVERSION = YES;
				CLANG_WARN_DEPRECATED_OBJC_IMPLEMENTATIONS = YES;
				CLANG_WARN_DIRECT_OBJC_ISA_USAGE = YES_ERROR;
				CLANG_WARN_DOCUMENTATION_COMMENTS = YES;
				CLANG_WARN_EMPTY_BODY = YES;
				CLANG_WARN_ENUM_CONVERSION = YES;
				CLANG_WARN_INFINITE_RECURSION = YES;
				CLANG_WARN_INT_CONVERSION = YES;
				CLANG_WARN_NON_LITERAL_NULL_CONVERSION = YES;
				CLANG_WARN_OBJC_IMPLICIT_RETAIN_SELF = YES;
				CLANG_WARN_OBJC_LITERAL_CONVERSION = YES;
				CLANG_WARN_OBJC_ROOT_CLASS = YES_ERROR;
				CLANG_WARN_RANGE_LOOP_ANALYSIS = YES;
				CLANG_WARN_STRICT_PROTOTYPES = YES;
				CLANG_WARN_SUSPICIOUS_MOVE = YES;
				CLANG_WARN_UNGUARDED_AVAILABILITY = YES_AGGRESSIVE;
				CLANG_WARN_UNREACHABLE_CODE = YES;
				CLANG_WARN__DUPLICATE_METHOD_MATCH = YES;
				COPY_PHASE_STRIP = NO;
				DEBUG_INFORMATION_FORMAT = "dwarf-with-dsym";
				ENABLE_NS_ASSERTIONS = NO;
				ENABLE_STRICT_OBJC_MSGSEND = YES;
				GCC_C_LANGUAGE_STANDARD = gnu11;
				GCC_NO_COMMON_BLOCKS = YES;
				GCC_WARN_64_TO_32_BIT_CONVERSION = YES;
				GCC_WARN_ABOUT_RETURN_TYPE = YES_ERROR;
				GCC_WARN_UNDECLARED_SELECTOR = YES;
				GCC_WARN_UNINITIALIZED_AUTOS = YES_AGGRESSIVE;
				GCC_WARN_UNUSED_FUNCTION = YES;
				GCC_WARN_UNUSED_VARIABLE = YES;
				IPHONEOS_DEPLOYMENT_TARGET = 13.4;
				MTL_ENABLE_DEBUG_INFO = NO;
				MTL_FAST_MATH = YES;
				SDKROOT = iphoneos;
				SWIFT_COMPILATION_MODE = wholemodule;
				SWIFT_OPTIMIZATION_LEVEL = "-O";
				VALIDATE_PRODUCT = YES;
			};
			name = Release;
		};
		AF879E1B245BE7F9004B0E7B /* Debug */ = {
			isa = XCBuildConfiguration;
			buildSettings = {
				ASSETCATALOG_COMPILER_APPICON_NAME = AppIcon;
				CODE_SIGN_STYLE = Automatic;
				INFOPLIST_FILE = OrderProject/Info.plist;
				LD_RUNPATH_SEARCH_PATHS = (
					"$(inherited)",
					"@executable_path/Frameworks",
				);
				PRODUCT_BUNDLE_IDENTIFIER = com.JWiOS.OrderProject;
				PRODUCT_NAME = "$(TARGET_NAME)";
				SWIFT_VERSION = 5.0;
				TARGETED_DEVICE_FAMILY = 1;
			};
			name = Debug;
		};
		AF879E1C245BE7F9004B0E7B /* Release */ = {
			isa = XCBuildConfiguration;
			buildSettings = {
				ASSETCATALOG_COMPILER_APPICON_NAME = AppIcon;
				CODE_SIGN_STYLE = Automatic;
				INFOPLIST_FILE = OrderProject/Info.plist;
				LD_RUNPATH_SEARCH_PATHS = (
					"$(inherited)",
					"@executable_path/Frameworks",
				);
				PRODUCT_BUNDLE_IDENTIFIER = com.JWiOS.OrderProject;
				PRODUCT_NAME = "$(TARGET_NAME)";
				SWIFT_VERSION = 5.0;
				TARGETED_DEVICE_FAMILY = 1;
			};
			name = Release;
		};
/* End XCBuildConfiguration section */

/* Begin XCConfigurationList section */
		AF879E01245BE7F8004B0E7B /* Build configuration list for PBXProject "OrderProject" */ = {
			isa = XCConfigurationList;
			buildConfigurations = (
				AF879E18245BE7F9004B0E7B /* Debug */,
				AF879E19245BE7F9004B0E7B /* Release */,
			);
			defaultConfigurationIsVisible = 0;
			defaultConfigurationName = Release;
		};
		AF879E1A245BE7F9004B0E7B /* Build configuration list for PBXNativeTarget "OrderProject" */ = {
			isa = XCConfigurationList;
			buildConfigurations = (
				AF879E1B245BE7F9004B0E7B /* Debug */,
				AF879E1C245BE7F9004B0E7B /* Release */,
			);
			defaultConfigurationIsVisible = 0;
			defaultConfigurationName = Release;
		};
/* End XCConfigurationList section */
	};
	rootObject = AF879DFE245BE7F8004B0E7B /* Project object */;
}
