// !$*UTF8*$!
{
	archiveVersion = 1;
	classes = {
	};
	objectVersion = 50;
	objects = {

/* Begin PBXBuildFile section */
		AF545BF52457FF120046C916 /* AppDelegate.swift in Sources */ = {isa = PBXBuildFile; fileRef = AF545BF42457FF120046C916 /* AppDelegate.swift */; };
		AF545BF72457FF120046C916 /* SceneDelegate.swift in Sources */ = {isa = PBXBuildFile; fileRef = AF545BF62457FF120046C916 /* SceneDelegate.swift */; };
		AF545BF92457FF120046C916 /* ViewController.swift in Sources */ = {isa = PBXBuildFile; fileRef = AF545BF82457FF120046C916 /* ViewController.swift */; };
		AF545BFC2457FF120046C916 /* Main.storyboard in Resources */ = {isa = PBXBuildFile; fileRef = AF545BFA2457FF120046C916 /* Main.storyboard */; };
		AF545BFE2457FF140046C916 /* Assets.xcassets in Resources */ = {isa = PBXBuildFile; fileRef = AF545BFD2457FF140046C916 /* Assets.xcassets */; };
		AF545C012457FF140046C916 /* LaunchScreen.storyboard in Resources */ = {isa = PBXBuildFile; fileRef = AF545BFF2457FF140046C916 /* LaunchScreen.storyboard */; };
/* End PBXBuildFile section */

/* Begin PBXFileReference section */
		AF545BF12457FF120046C916 /* 20200428-Practice-UIAlertControllerExample.app */ = {isa = PBXFileReference; explicitFileType = wrapper.application; includeInIndex = 0; path = "20200428-Practice-UIAlertControllerExample.app"; sourceTree = BUILT_PRODUCTS_DIR; };
		AF545BF42457FF120046C916 /* AppDelegate.swift */ = {isa = PBXFileReference; lastKnownFileType = sourcecode.swift; path = AppDelegate.swift; sourceTree = "<group>"; };
		AF545BF62457FF120046C916 /* SceneDelegate.swift */ = {isa = PBXFileReference; lastKnownFileType = sourcecode.swift; path = SceneDelegate.swift; sourceTree = "<group>"; };
		AF545BF82457FF120046C916 /* ViewController.swift */ = {isa = PBXFileReference; lastKnownFileType = sourcecode.swift; path = ViewController.swift; sourceTree = "<group>"; };
		AF545BFB2457FF120046C916 /* Base */ = {isa = PBXFileReference; lastKnownFileType = file.storyboard; name = Base; path = Base.lproj/Main.storyboard; sourceTree = "<group>"; };
		AF545BFD2457FF140046C916 /* Assets.xcassets */ = {isa = PBXFileReference; lastKnownFileType = folder.assetcatalog; path = Assets.xcassets; sourceTree = "<group>"; };
		AF545C002457FF140046C916 /* Base */ = {isa = PBXFileReference; lastKnownFileType = file.storyboard; name = Base; path = Base.lproj/LaunchScreen.storyboard; sourceTree = "<group>"; };
		AF545C022457FF140046C916 /* Info.plist */ = {isa = PBXFileReference; lastKnownFileType = text.plist.xml; path = Info.plist; sourceTree = "<group>"; };
/* End PBXFileReference section */

/* Begin PBXFrameworksBuildPhase section */
		AF545BEE2457FF120046C916 /* Frameworks */ = {
			isa = PBXFrameworksBuildPhase;
			buildActionMask = 2147483647;
			files = (
			);
			runOnlyForDeploymentPostprocessing = 0;
		};
/* End PBXFrameworksBuildPhase section */

/* Begin PBXGroup section */
		AF545BE82457FF120046C916 = {
			isa = PBXGroup;
			children = (
				AF545BF32457FF120046C916 /* 20200428-Practice-UIAlertControllerExample */,
				AF545BF22457FF120046C916 /* Products */,
			);
			sourceTree = "<group>";
		};
		AF545BF22457FF120046C916 /* Products */ = {
			isa = PBXGroup;
			children = (
				AF545BF12457FF120046C916 /* 20200428-Practice-UIAlertControllerExample.app */,
			);
			name = Products;
			sourceTree = "<group>";
		};
		AF545BF32457FF120046C916 /* 20200428-Practice-UIAlertControllerExample */ = {
			isa = PBXGroup;
			children = (
				AF545BF42457FF120046C916 /* AppDelegate.swift */,
				AF545BF62457FF120046C916 /* SceneDelegate.swift */,
				AF545BF82457FF120046C916 /* ViewController.swift */,
				AF545BFA2457FF120046C916 /* Main.storyboard */,
				AF545BFD2457FF140046C916 /* Assets.xcassets */,
				AF545BFF2457FF140046C916 /* LaunchScreen.storyboard */,
				AF545C022457FF140046C916 /* Info.plist */,
			);
			path = "20200428-Practice-UIAlertControllerExample";
			sourceTree = "<group>";
		};
/* End PBXGroup section */

/* Begin PBXNativeTarget section */
		AF545BF02457FF120046C916 /* 20200428-Practice-UIAlertControllerExample */ = {
			isa = PBXNativeTarget;
			buildConfigurationList = AF545C052457FF140046C916 /* Build configuration list for PBXNativeTarget "20200428-Practice-UIAlertControllerExample" */;
			buildPhases = (
				AF545BED2457FF120046C916 /* Sources */,
				AF545BEE2457FF120046C916 /* Frameworks */,
				AF545BEF2457FF120046C916 /* Resources */,
			);
			buildRules = (
			);
			dependencies = (
			);
			name = "20200428-Practice-UIAlertControllerExample";
			productName = "20200428-Practice-UIAlertControllerExample";
			productReference = AF545BF12457FF120046C916 /* 20200428-Practice-UIAlertControllerExample.app */;
			productType = "com.apple.product-type.application";
		};
/* End PBXNativeTarget section */

/* Begin PBXProject section */
		AF545BE92457FF120046C916 /* Project object */ = {
			isa = PBXProject;
			attributes = {
				LastSwiftUpdateCheck = 1140;
				LastUpgradeCheck = 1140;
				ORGANIZATIONNAME = jwcheon;
				TargetAttributes = {
					AF545BF02457FF120046C916 = {
						CreatedOnToolsVersion = 11.4.1;
					};
				};
			};
			buildConfigurationList = AF545BEC2457FF120046C916 /* Build configuration list for PBXProject "20200428-Practice-UIAlertControllerExample" */;
			compatibilityVersion = "Xcode 9.3";
			developmentRegion = en;
			hasScannedForEncodings = 0;
			knownRegions = (
				en,
				Base,
			);
			mainGroup = AF545BE82457FF120046C916;
			productRefGroup = AF545BF22457FF120046C916 /* Products */;
			projectDirPath = "";
			projectRoot = "";
			targets = (
				AF545BF02457FF120046C916 /* 20200428-Practice-UIAlertControllerExample */,
			);
		};
/* End PBXProject section */

/* Begin PBXResourcesBuildPhase section */
		AF545BEF2457FF120046C916 /* Resources */ = {
			isa = PBXResourcesBuildPhase;
			buildActionMask = 2147483647;
			files = (
				AF545C012457FF140046C916 /* LaunchScreen.storyboard in Resources */,
				AF545BFE2457FF140046C916 /* Assets.xcassets in Resources */,
				AF545BFC2457FF120046C916 /* Main.storyboard in Resources */,
			);
			runOnlyForDeploymentPostprocessing = 0;
		};
/* End PBXResourcesBuildPhase section */

/* Begin PBXSourcesBuildPhase section */
		AF545BED2457FF120046C916 /* Sources */ = {
			isa = PBXSourcesBuildPhase;
			buildActionMask = 2147483647;
			files = (
				AF545BF92457FF120046C916 /* ViewController.swift in Sources */,
				AF545BF52457FF120046C916 /* AppDelegate.swift in Sources */,
				AF545BF72457FF120046C916 /* SceneDelegate.swift in Sources */,
			);
			runOnlyForDeploymentPostprocessing = 0;
		};
/* End PBXSourcesBuildPhase section */

/* Begin PBXVariantGroup section */
		AF545BFA2457FF120046C916 /* Main.storyboard */ = {
			isa = PBXVariantGroup;
			children = (
				AF545BFB2457FF120046C916 /* Base */,
			);
			name = Main.storyboard;
			sourceTree = "<group>";
		};
		AF545BFF2457FF140046C916 /* LaunchScreen.storyboard */ = {
			isa = PBXVariantGroup;
			children = (
				AF545C002457FF140046C916 /* Base */,
			);
			name = LaunchScreen.storyboard;
			sourceTree = "<group>";
		};
/* End PBXVariantGroup section */

/* Begin XCBuildConfiguration section */
		AF545C032457FF140046C916 /* Debug */ = {
			isa = XCBuildConfiguration;
			buildSettings = {
				ALWAYS_SEARCH_USER_PATHS = NO;
				CLANG_ANALYZER_NONNULL = YES;
				CLANG_ANALYZER_NUMBER_OBJECT_CONVERSION = YES_AGGRESSIVE;
				CLANG_CXX_LANGUAGE_STANDARD = "gnu++14";
				CLANG_CXX_LIBRARY = "libc++";
				CLANG_ENABLE_MODULES = YES;
				CLANG_ENABLE_OBJC_ARC = YES;
				CLANG_ENABLE_OBJC_WEAK = YES;
				CLANG_WARN_BLOCK_CAPTURE_AUTORELEASING = YES;
				CLANG_WARN_BOOL_CONVERSION = YES;
				CLANG_WARN_COMMA = YES;
				CLANG_WARN_CONSTANT_CONVERSION = YES;
				CLANG_WARN_DEPRECATED_OBJC_IMPLEMENTATIONS = YES;
				CLANG_WARN_DIRECT_OBJC_ISA_USAGE = YES_ERROR;
				CLANG_WARN_DOCUMENTATION_COMMENTS = YES;
				CLANG_WARN_EMPTY_BODY = YES;
				CLANG_WARN_ENUM_CONVERSION = YES;
				CLANG_WARN_INFINITE_RECURSION = YES;
				CLANG_WARN_INT_CONVERSION = YES;
				CLANG_WARN_NON_LITERAL_NULL_CONVERSION = YES;
				CLANG_WARN_OBJC_IMPLICIT_RETAIN_SELF = YES;
				CLANG_WARN_OBJC_LITERAL_CONVERSION = YES;
				CLANG_WARN_OBJC_ROOT_CLASS = YES_ERROR;
				CLANG_WARN_RANGE_LOOP_ANALYSIS = YES;
				CLANG_WARN_STRICT_PROTOTYPES = YES;
				CLANG_WARN_SUSPICIOUS_MOVE = YES;
				CLANG_WARN_UNGUARDED_AVAILABILITY = YES_AGGRESSIVE;
				CLANG_WARN_UNREACHABLE_CODE = YES;
				CLANG_WARN__DUPLICATE_METHOD_MATCH = YES;
				COPY_PHASE_STRIP = NO;
				DEBUG_INFORMATION_FORMAT = dwarf;
				ENABLE_STRICT_OBJC_MSGSEND = YES;
				ENABLE_TESTABILITY = YES;
				GCC_C_LANGUAGE_STANDARD = gnu11;
				GCC_DYNAMIC_NO_PIC = NO;
				GCC_NO_COMMON_BLOCKS = YES;
				GCC_OPTIMIZATION_LEVEL = 0;
				GCC_PREPROCESSOR_DEFINITIONS = (
					"DEBUG=1",
					"$(inherited)",
				);
				GCC_WARN_64_TO_32_BIT_CONVERSION = YES;
				GCC_WARN_ABOUT_RETURN_TYPE = YES_ERROR;
				GCC_WARN_UNDECLARED_SELECTOR = YES;
				GCC_WARN_UNINITIALIZED_AUTOS = YES_AGGRESSIVE;
				GCC_WARN_UNUSED_FUNCTION = YES;
				GCC_WARN_UNUSED_VARIABLE = YES;
				IPHONEOS_DEPLOYMENT_TARGET = 13.4;
				MTL_ENABLE_DEBUG_INFO = INCLUDE_SOURCE;
				MTL_FAST_MATH = YES;
				ONLY_ACTIVE_ARCH = YES;
				SDKROOT = iphoneos;
				SWIFT_ACTIVE_COMPILATION_CONDITIONS = DEBUG;
				SWIFT_OPTIMIZATION_LEVEL = "-Onone";
			};
			name = Debug;
		};
		AF545C042457FF140046C916 /* Release */ = {
			isa = XCBuildConfiguration;
			buildSettings = {
				ALWAYS_SEARCH_USER_PATHS = NO;
				CLANG_ANALYZER_NONNULL = YES;
				CLANG_ANALYZER_NUMBER_OBJECT_CONVERSION = YES_AGGRESSIVE;
				CLANG_CXX_LANGUAGE_STANDARD = "gnu++14";
				CLANG_CXX_LIBRARY = "libc++";
				CLANG_ENABLE_MODULES = YES;
				CLANG_ENABLE_OBJC_ARC = YES;
				CLANG_ENABLE_OBJC_WEAK = YES;
				CLANG_WARN_BLOCK_CAPTURE_AUTORELEASING = YES;
				CLANG_WARN_BOOL_CONVERSION = YES;
				CLANG_WARN_COMMA = YES;
				CLANG_WARN_CONSTANT_CONVERSION = YES;
				CLANG_WARN_DEPRECATED_OBJC_IMPLEMENTATIONS = YES;
				CLANG_WARN_DIRECT_OBJC_ISA_USAGE = YES_ERROR;
				CLANG_WARN_DOCUMENTATION_COMMENTS = YES;
				CLANG_WARN_EMPTY_BODY = YES;
				CLANG_WARN_ENUM_CONVERSION = YES;
				CLANG_WARN_INFINITE_RECURSION = YES;
				CLANG_WARN_INT_CONVERSION = YES;
				CLANG_WARN_NON_LITERAL_NULL_CONVERSION = YES;
				CLANG_WARN_OBJC_IMPLICIT_RETAIN_SELF = YES;
				CLANG_WARN_OBJC_LITERAL_CONVERSION = YES;
				CLANG_WARN_OBJC_ROOT_CLASS = YES_ERROR;
				CLANG_WARN_RANGE_LOOP_ANALYSIS = YES;
				CLANG_WARN_STRICT_PROTOTYPES = YES;
				CLANG_WARN_SUSPICIOUS_MOVE = YES;
				CLANG_WARN_UNGUARDED_AVAILABILITY = YES_AGGRESSIVE;
				CLANG_WARN_UNREACHABLE_CODE = YES;
				CLANG_WARN__DUPLICATE_METHOD_MATCH = YES;
				COPY_PHASE_STRIP = NO;
				DEBUG_INFORMATION_FORMAT = "dwarf-with-dsym";
				ENABLE_NS_ASSERTIONS = NO;
				ENABLE_STRICT_OBJC_MSGSEND = YES;
				GCC_C_LANGUAGE_STANDARD = gnu11;
				GCC_NO_COMMON_BLOCKS = YES;
				GCC_WARN_64_TO_32_BIT_CONVERSION = YES;
				GCC_WARN_ABOUT_RETURN_TYPE = YES_ERROR;
				GCC_WARN_UNDECLARED_SELECTOR = YES;
				GCC_WARN_UNINITIALIZED_AUTOS = YES_AGGRESSIVE;
				GCC_WARN_UNUSED_FUNCTION = YES;
				GCC_WARN_UNUSED_VARIABLE = YES;
				IPHONEOS_DEPLOYMENT_TARGET = 13.4;
				MTL_ENABLE_DEBUG_INFO = NO;
				MTL_FAST_MATH = YES;
				SDKROOT = iphoneos;
				SWIFT_COMPILATION_MODE = wholemodule;
				SWIFT_OPTIMIZATION_LEVEL = "-O";
				VALIDATE_PRODUCT = YES;
			};
			name = Release;
		};
		AF545C062457FF140046C916 /* Debug */ = {
			isa = XCBuildConfiguration;
			buildSettings = {
				ASSETCATALOG_COMPILER_APPICON_NAME = AppIcon;
				CODE_SIGN_STYLE = Automatic;
				INFOPLIST_FILE = "20200428-Practice-UIAlertControllerExample/Info.plist";
				LD_RUNPATH_SEARCH_PATHS = (
					"$(inherited)",
					"@executable_path/Frameworks",
				);
				PRODUCT_BUNDLE_IDENTIFIER = "com.JWiOS.-0200428-Practice-UIAlertControllerExample";
				PRODUCT_NAME = "$(TARGET_NAME)";
				SWIFT_VERSION = 5.0;
				TARGETED_DEVICE_FAMILY = "1,2";
			};
			name = Debug;
		};
		AF545C072457FF140046C916 /* Release */ = {
			isa = XCBuildConfiguration;
			buildSettings = {
				ASSETCATALOG_COMPILER_APPICON_NAME = AppIcon;
				CODE_SIGN_STYLE = Automatic;
				INFOPLIST_FILE = "20200428-Practice-UIAlertControllerExample/Info.plist";
				LD_RUNPATH_SEARCH_PATHS = (
					"$(inherited)",
					"@executable_path/Frameworks",
				);
				PRODUCT_BUNDLE_IDENTIFIER = "com.JWiOS.-0200428-Practice-UIAlertControllerExample";
				PRODUCT_NAME = "$(TARGET_NAME)";
				SWIFT_VERSION = 5.0;
				TARGETED_DEVICE_FAMILY = "1,2";
			};
			name = Release;
		};
/* End XCBuildConfiguration section */

/* Begin XCConfigurationList section */
		AF545BEC2457FF120046C916 /* Build configuration list for PBXProject "20200428-Practice-UIAlertControllerExample" */ = {
			isa = XCConfigurationList;
			buildConfigurations = (
				AF545C032457FF140046C916 /* Debug */,
				AF545C042457FF140046C916 /* Release */,
			);
			defaultConfigurationIsVisible = 0;
			defaultConfigurationName = Release;
		};
		AF545C052457FF140046C916 /* Build configuration list for PBXNativeTarget "20200428-Practice-UIAlertControllerExample" */ = {
			isa = XCConfigurationList;
			buildConfigurations = (
				AF545C062457FF140046C916 /* Debug */,
				AF545C072457FF140046C916 /* Release */,
			);
			defaultConfigurationIsVisible = 0;
			defaultConfigurationName = Release;
		};
/* End XCConfigurationList section */
	};
	rootObject = AF545BE92457FF120046C916 /* Project object */;
}
