// !$*UTF8*$!
{
	archiveVersion = 1;
	classes = {
	};
	objectVersion = 50;
	objects = {

/* Begin PBXBuildFile section */
		AFF958AE24D2806E0005D095 /* AppDelegate.swift in Sources */ = {isa = PBXBuildFile; fileRef = AFF958AD24D2806E0005D095 /* AppDelegate.swift */; };
		AFF958B024D2806E0005D095 /* SceneDelegate.swift in Sources */ = {isa = PBXBuildFile; fileRef = AFF958AF24D2806E0005D095 /* SceneDelegate.swift */; };
		AFF958B224D2806E0005D095 /* ContentView.swift in Sources */ = {isa = PBXBuildFile; fileRef = AFF958B124D2806E0005D095 /* ContentView.swift */; };
		AFF958B424D280700005D095 /* Assets.xcassets in Resources */ = {isa = PBXBuildFile; fileRef = AFF958B324D280700005D095 /* Assets.xcassets */; };
		AFF958B724D280700005D095 /* Preview Assets.xcassets in Resources */ = {isa = PBXBuildFile; fileRef = AFF958B624D280700005D095 /* Preview Assets.xcassets */; };
		AFF958BA24D280700005D095 /* LaunchScreen.storyboard in Resources */ = {isa = PBXBuildFile; fileRef = AFF958B824D280700005D095 /* LaunchScreen.storyboard */; };
		AFF958C224D2865D0005D095 /* Ex01_Text.swift in Sources */ = {isa = PBXBuildFile; fileRef = AFF958C124D2865D0005D095 /* Ex01_Text.swift */; };
		AFF958C424D295F90005D095 /* Ex02_Image.swift in Sources */ = {isa = PBXBuildFile; fileRef = AFF958C324D295F90005D095 /* Ex02_Image.swift */; };
		AFF958C624D29F120005D095 /* Ex03_ViewLayout.swift in Sources */ = {isa = PBXBuildFile; fileRef = AFF958C524D29F120005D095 /* Ex03_ViewLayout.swift */; };
		AFF958C824D2A2BF0005D095 /* Ex04_Button.swift in Sources */ = {isa = PBXBuildFile; fileRef = AFF958C724D2A2BF0005D095 /* Ex04_Button.swift */; };
		AFF958CA24D2A5DD0005D095 /* Ex05_List.swift in Sources */ = {isa = PBXBuildFile; fileRef = AFF958C924D2A5DD0005D095 /* Ex05_List.swift */; };
/* End PBXBuildFile section */

/* Begin PBXFileReference section */
		AFF958AA24D2806E0005D095 /* SwiftUIExample.app */ = {isa = PBXFileReference; explicitFileType = wrapper.application; includeInIndex = 0; path = SwiftUIExample.app; sourceTree = BUILT_PRODUCTS_DIR; };
		AFF958AD24D2806E0005D095 /* AppDelegate.swift */ = {isa = PBXFileReference; lastKnownFileType = sourcecode.swift; path = AppDelegate.swift; sourceTree = "<group>"; };
		AFF958AF24D2806E0005D095 /* SceneDelegate.swift */ = {isa = PBXFileReference; lastKnownFileType = sourcecode.swift; path = SceneDelegate.swift; sourceTree = "<group>"; };
		AFF958B124D2806E0005D095 /* ContentView.swift */ = {isa = PBXFileReference; lastKnownFileType = sourcecode.swift; path = ContentView.swift; sourceTree = "<group>"; };
		AFF958B324D280700005D095 /* Assets.xcassets */ = {isa = PBXFileReference; lastKnownFileType = folder.assetcatalog; path = Assets.xcassets; sourceTree = "<group>"; };
		AFF958B624D280700005D095 /* Preview Assets.xcassets */ = {isa = PBXFileReference; lastKnownFileType = folder.assetcatalog; path = "Preview Assets.xcassets"; sourceTree = "<group>"; };
		AFF958B924D280700005D095 /* Base */ = {isa = PBXFileReference; lastKnownFileType = file.storyboard; name = Base; path = Base.lproj/LaunchScreen.storyboard; sourceTree = "<group>"; };
		AFF958BB24D280700005D095 /* Info.plist */ = {isa = PBXFileReference; lastKnownFileType = text.plist.xml; path = Info.plist; sourceTree = "<group>"; };
		AFF958C124D2865D0005D095 /* Ex01_Text.swift */ = {isa = PBXFileReference; lastKnownFileType = sourcecode.swift; path = Ex01_Text.swift; sourceTree = "<group>"; };
		AFF958C324D295F90005D095 /* Ex02_Image.swift */ = {isa = PBXFileReference; lastKnownFileType = sourcecode.swift; path = Ex02_Image.swift; sourceTree = "<group>"; };
		AFF958C524D29F120005D095 /* Ex03_ViewLayout.swift */ = {isa = PBXFileReference; lastKnownFileType = sourcecode.swift; path = Ex03_ViewLayout.swift; sourceTree = "<group>"; };
		AFF958C724D2A2BF0005D095 /* Ex04_Button.swift */ = {isa = PBXFileReference; lastKnownFileType = sourcecode.swift; path = Ex04_Button.swift; sourceTree = "<group>"; };
		AFF958C924D2A5DD0005D095 /* Ex05_List.swift */ = {isa = PBXFileReference; lastKnownFileType = sourcecode.swift; path = Ex05_List.swift; sourceTree = "<group>"; };
/* End PBXFileReference section */

/* Begin PBXFrameworksBuildPhase section */
		AFF958A724D2806E0005D095 /* Frameworks */ = {
			isa = PBXFrameworksBuildPhase;
			buildActionMask = 2147483647;
			files = (
			);
			runOnlyForDeploymentPostprocessing = 0;
		};
/* End PBXFrameworksBuildPhase section */

/* Begin PBXGroup section */
		AFF958A124D2806E0005D095 = {
			isa = PBXGroup;
			children = (
				AFF958AC24D2806E0005D095 /* SwiftUIExample */,
				AFF958AB24D2806E0005D095 /* Products */,
			);
			sourceTree = "<group>";
		};
		AFF958AB24D2806E0005D095 /* Products */ = {
			isa = PBXGroup;
			children = (
				AFF958AA24D2806E0005D095 /* SwiftUIExample.app */,
			);
			name = Products;
			sourceTree = "<group>";
		};
		AFF958AC24D2806E0005D095 /* SwiftUIExample */ = {
			isa = PBXGroup;
			children = (
				AFF958AD24D2806E0005D095 /* AppDelegate.swift */,
				AFF958AF24D2806E0005D095 /* SceneDelegate.swift */,
				AFF958B124D2806E0005D095 /* ContentView.swift */,
				AFF958C124D2865D0005D095 /* Ex01_Text.swift */,
				AFF958C324D295F90005D095 /* Ex02_Image.swift */,
				AFF958C524D29F120005D095 /* Ex03_ViewLayout.swift */,
				AFF958C724D2A2BF0005D095 /* Ex04_Button.swift */,
				AFF958C924D2A5DD0005D095 /* Ex05_List.swift */,
				AFF958B324D280700005D095 /* Assets.xcassets */,
				AFF958B824D280700005D095 /* LaunchScreen.storyboard */,
				AFF958BB24D280700005D095 /* Info.plist */,
				AFF958B524D280700005D095 /* Preview Content */,
			);
			path = SwiftUIExample;
			sourceTree = "<group>";
		};
		AFF958B524D280700005D095 /* Preview Content */ = {
			isa = PBXGroup;
			children = (
				AFF958B624D280700005D095 /* Preview Assets.xcassets */,
			);
			path = "Preview Content";
			sourceTree = "<group>";
		};
/* End PBXGroup section */

/* Begin PBXNativeTarget section */
		AFF958A924D2806E0005D095 /* SwiftUIExample */ = {
			isa = PBXNativeTarget;
			buildConfigurationList = AFF958BE24D280700005D095 /* Build configuration list for PBXNativeTarget "SwiftUIExample" */;
			buildPhases = (
				AFF958A624D2806E0005D095 /* Sources */,
				AFF958A724D2806E0005D095 /* Frameworks */,
				AFF958A824D2806E0005D095 /* Resources */,
			);
			buildRules = (
			);
			dependencies = (
			);
			name = SwiftUIExample;
			productName = SwiftUIExample;
			productReference = AFF958AA24D2806E0005D095 /* SwiftUIExample.app */;
			productType = "com.apple.product-type.application";
		};
/* End PBXNativeTarget section */

/* Begin PBXProject section */
		AFF958A224D2806E0005D095 /* Project object */ = {
			isa = PBXProject;
			attributes = {
				LastSwiftUpdateCheck = 1160;
				LastUpgradeCheck = 1160;
				ORGANIZATIONNAME = jwcheon;
				TargetAttributes = {
					AFF958A924D2806E0005D095 = {
						CreatedOnToolsVersion = 11.6;
					};
				};
			};
			buildConfigurationList = AFF958A524D2806E0005D095 /* Build configuration list for PBXProject "SwiftUIExample" */;
			compatibilityVersion = "Xcode 9.3";
			developmentRegion = en;
			hasScannedForEncodings = 0;
			knownRegions = (
				en,
				Base,
			);
			mainGroup = AFF958A124D2806E0005D095;
			productRefGroup = AFF958AB24D2806E0005D095 /* Products */;
			projectDirPath = "";
			projectRoot = "";
			targets = (
				AFF958A924D2806E0005D095 /* SwiftUIExample */,
			);
		};
/* End PBXProject section */

/* Begin PBXResourcesBuildPhase section */
		AFF958A824D2806E0005D095 /* Resources */ = {
			isa = PBXResourcesBuildPhase;
			buildActionMask = 2147483647;
			files = (
				AFF958BA24D280700005D095 /* LaunchScreen.storyboard in Resources */,
				AFF958B724D280700005D095 /* Preview Assets.xcassets in Resources */,
				AFF958B424D280700005D095 /* Assets.xcassets in Resources */,
			);
			runOnlyForDeploymentPostprocessing = 0;
		};
/* End PBXResourcesBuildPhase section */

/* Begin PBXSourcesBuildPhase section */
		AFF958A624D2806E0005D095 /* Sources */ = {
			isa = PBXSourcesBuildPhase;
			buildActionMask = 2147483647;
			files = (
				AFF958C224D2865D0005D095 /* Ex01_Text.swift in Sources */,
				AFF958AE24D2806E0005D095 /* AppDelegate.swift in Sources */,
				AFF958C624D29F120005D095 /* Ex03_ViewLayout.swift in Sources */,
				AFF958C824D2A2BF0005D095 /* Ex04_Button.swift in Sources */,
				AFF958B024D2806E0005D095 /* SceneDelegate.swift in Sources */,
				AFF958C424D295F90005D095 /* Ex02_Image.swift in Sources */,
				AFF958B224D2806E0005D095 /* ContentView.swift in Sources */,
				AFF958CA24D2A5DD0005D095 /* Ex05_List.swift in Sources */,
			);
			runOnlyForDeploymentPostprocessing = 0;
		};
/* End PBXSourcesBuildPhase section */

/* Begin PBXVariantGroup section */
		AFF958B824D280700005D095 /* LaunchScreen.storyboard */ = {
			isa = PBXVariantGroup;
			children = (
				AFF958B924D280700005D095 /* Base */,
			);
			name = LaunchScreen.storyboard;
			sourceTree = "<group>";
		};
/* End PBXVariantGroup section */

/* Begin XCBuildConfiguration section */
		AFF958BC24D280700005D095 /* Debug */ = {
			isa = XCBuildConfiguration;
			buildSettings = {
				ALWAYS_SEARCH_USER_PATHS = NO;
				CLANG_ANALYZER_NONNULL = YES;
				CLANG_ANALYZER_NUMBER_OBJECT_CONVERSION = YES_AGGRESSIVE;
				CLANG_CXX_LANGUAGE_STANDARD = "gnu++14";
				CLANG_CXX_LIBRARY = "libc++";
				CLANG_ENABLE_MODULES = YES;
				CLANG_ENABLE_OBJC_ARC = YES;
				CLANG_ENABLE_OBJC_WEAK = YES;
				CLANG_WARN_BLOCK_CAPTURE_AUTORELEASING = YES;
				CLANG_WARN_BOOL_CONVERSION = YES;
				CLANG_WARN_COMMA = YES;
				CLANG_WARN_CONSTANT_CONVERSION = YES;
				CLANG_WARN_DEPRECATED_OBJC_IMPLEMENTATIONS = YES;
				CLANG_WARN_DIRECT_OBJC_ISA_USAGE = YES_ERROR;
				CLANG_WARN_DOCUMENTATION_COMMENTS = YES;
				CLANG_WARN_EMPTY_BODY = YES;
				CLANG_WARN_ENUM_CONVERSION = YES;
				CLANG_WARN_INFINITE_RECURSION = YES;
				CLANG_WARN_INT_CONVERSION = YES;
				CLANG_WARN_NON_LITERAL_NULL_CONVERSION = YES;
				CLANG_WARN_OBJC_IMPLICIT_RETAIN_SELF = YES;
				CLANG_WARN_OBJC_LITERAL_CONVERSION = YES;
				CLANG_WARN_OBJC_ROOT_CLASS = YES_ERROR;
				CLANG_WARN_RANGE_LOOP_ANALYSIS = YES;
				CLANG_WARN_STRICT_PROTOTYPES = YES;
				CLANG_WARN_SUSPICIOUS_MOVE = YES;
				CLANG_WARN_UNGUARDED_AVAILABILITY = YES_AGGRESSIVE;
				CLANG_WARN_UNREACHABLE_CODE = YES;
				CLANG_WARN__DUPLICATE_METHOD_MATCH = YES;
				COPY_PHASE_STRIP = NO;
				DEBUG_INFORMATION_FORMAT = dwarf;
				ENABLE_STRICT_OBJC_MSGSEND = YES;
				ENABLE_TESTABILITY = YES;
				GCC_C_LANGUAGE_STANDARD = gnu11;
				GCC_DYNAMIC_NO_PIC = NO;
				GCC_NO_COMMON_BLOCKS = YES;
				GCC_OPTIMIZATION_LEVEL = 0;
				GCC_PREPROCESSOR_DEFINITIONS = (
					"DEBUG=1",
					"$(inherited)",
				);
				GCC_WARN_64_TO_32_BIT_CONVERSION = YES;
				GCC_WARN_ABOUT_RETURN_TYPE = YES_ERROR;
				GCC_WARN_UNDECLARED_SELECTOR = YES;
				GCC_WARN_UNINITIALIZED_AUTOS = YES_AGGRESSIVE;
				GCC_WARN_UNUSED_FUNCTION = YES;
				GCC_WARN_UNUSED_VARIABLE = YES;
				IPHONEOS_DEPLOYMENT_TARGET = 13.6;
				MTL_ENABLE_DEBUG_INFO = INCLUDE_SOURCE;
				MTL_FAST_MATH = YES;
				ONLY_ACTIVE_ARCH = YES;
				SDKROOT = iphoneos;
				SWIFT_ACTIVE_COMPILATION_CONDITIONS = DEBUG;
				SWIFT_OPTIMIZATION_LEVEL = "-Onone";
			};
			name = Debug;
		};
		AFF958BD24D280700005D095 /* Release */ = {
			isa = XCBuildConfiguration;
			buildSettings = {
				ALWAYS_SEARCH_USER_PATHS = NO;
				CLANG_ANALYZER_NONNULL = YES;
				CLANG_ANALYZER_NUMBER_OBJECT_CONVERSION = YES_AGGRESSIVE;
				CLANG_CXX_LANGUAGE_STANDARD = "gnu++14";
				CLANG_CXX_LIBRARY = "libc++";
				CLANG_ENABLE_MODULES = YES;
				CLANG_ENABLE_OBJC_ARC = YES;
				CLANG_ENABLE_OBJC_WEAK = YES;
				CLANG_WARN_BLOCK_CAPTURE_AUTORELEASING = YES;
				CLANG_WARN_BOOL_CONVERSION = YES;
				CLANG_WARN_COMMA = YES;
				CLANG_WARN_CONSTANT_CONVERSION = YES;
				CLANG_WARN_DEPRECATED_OBJC_IMPLEMENTATIONS = YES;
				CLANG_WARN_DIRECT_OBJC_ISA_USAGE = YES_ERROR;
				CLANG_WARN_DOCUMENTATION_COMMENTS = YES;
				CLANG_WARN_EMPTY_BODY = YES;
				CLANG_WARN_ENUM_CONVERSION = YES;
				CLANG_WARN_INFINITE_RECURSION = YES;
				CLANG_WARN_INT_CONVERSION = YES;
				CLANG_WARN_NON_LITERAL_NULL_CONVERSION = YES;
				CLANG_WARN_OBJC_IMPLICIT_RETAIN_SELF = YES;
				CLANG_WARN_OBJC_LITERAL_CONVERSION = YES;
				CLANG_WARN_OBJC_ROOT_CLASS = YES_ERROR;
				CLANG_WARN_RANGE_LOOP_ANALYSIS = YES;
				CLANG_WARN_STRICT_PROTOTYPES = YES;
				CLANG_WARN_SUSPICIOUS_MOVE = YES;
				CLANG_WARN_UNGUARDED_AVAILABILITY = YES_AGGRESSIVE;
				CLANG_WARN_UNREACHABLE_CODE = YES;
				CLANG_WARN__DUPLICATE_METHOD_MATCH = YES;
				COPY_PHASE_STRIP = NO;
				DEBUG_INFORMATION_FORMAT = "dwarf-with-dsym";
				ENABLE_NS_ASSERTIONS = NO;
				ENABLE_STRICT_OBJC_MSGSEND = YES;
				GCC_C_LANGUAGE_STANDARD = gnu11;
				GCC_NO_COMMON_BLOCKS = YES;
				GCC_WARN_64_TO_32_BIT_CONVERSION = YES;
				GCC_WARN_ABOUT_RETURN_TYPE = YES_ERROR;
				GCC_WARN_UNDECLARED_SELECTOR = YES;
				GCC_WARN_UNINITIALIZED_AUTOS = YES_AGGRESSIVE;
				GCC_WARN_UNUSED_FUNCTION = YES;
				GCC_WARN_UNUSED_VARIABLE = YES;
				IPHONEOS_DEPLOYMENT_TARGET = 13.6;
				MTL_ENABLE_DEBUG_INFO = NO;
				MTL_FAST_MATH = YES;
				SDKROOT = iphoneos;
				SWIFT_COMPILATION_MODE = wholemodule;
				SWIFT_OPTIMIZATION_LEVEL = "-O";
				VALIDATE_PRODUCT = YES;
			};
			name = Release;
		};
		AFF958BF24D280700005D095 /* Debug */ = {
			isa = XCBuildConfiguration;
			buildSettings = {
				ASSETCATALOG_COMPILER_APPICON_NAME = AppIcon;
				CODE_SIGN_STYLE = Automatic;
				DEVELOPMENT_ASSET_PATHS = "\"SwiftUIExample/Preview Content\"";
				DEVELOPMENT_TEAM = ZLCDRXJTXW;
				ENABLE_PREVIEWS = YES;
				INFOPLIST_FILE = SwiftUIExample/Info.plist;
				LD_RUNPATH_SEARCH_PATHS = (
					"$(inherited)",
					"@executable_path/Frameworks",
				);
				PRODUCT_BUNDLE_IDENTIFIER = com.JWiOS.SwiftUIExample.SwiftUIExample;
				PRODUCT_NAME = "$(TARGET_NAME)";
				SWIFT_VERSION = 5.0;
				TARGETED_DEVICE_FAMILY = "1,2";
			};
			name = Debug;
		};
		AFF958C024D280700005D095 /* Release */ = {
			isa = XCBuildConfiguration;
			buildSettings = {
				ASSETCATALOG_COMPILER_APPICON_NAME = AppIcon;
				CODE_SIGN_STYLE = Automatic;
				DEVELOPMENT_ASSET_PATHS = "\"SwiftUIExample/Preview Content\"";
				DEVELOPMENT_TEAM = ZLCDRXJTXW;
				ENABLE_PREVIEWS = YES;
				INFOPLIST_FILE = SwiftUIExample/Info.plist;
				LD_RUNPATH_SEARCH_PATHS = (
					"$(inherited)",
					"@executable_path/Frameworks",
				);
				PRODUCT_BUNDLE_IDENTIFIER = com.JWiOS.SwiftUIExample.SwiftUIExample;
				PRODUCT_NAME = "$(TARGET_NAME)";
				SWIFT_VERSION = 5.0;
				TARGETED_DEVICE_FAMILY = "1,2";
			};
			name = Release;
		};
/* End XCBuildConfiguration section */

/* Begin XCConfigurationList section */
		AFF958A524D2806E0005D095 /* Build configuration list for PBXProject "SwiftUIExample" */ = {
			isa = XCConfigurationList;
			buildConfigurations = (
				AFF958BC24D280700005D095 /* Debug */,
				AFF958BD24D280700005D095 /* Release */,
			);
			defaultConfigurationIsVisible = 0;
			defaultConfigurationName = Release;
		};
		AFF958BE24D280700005D095 /* Build configuration list for PBXNativeTarget "SwiftUIExample" */ = {
			isa = XCConfigurationList;
			buildConfigurations = (
				AFF958BF24D280700005D095 /* Debug */,
				AFF958C024D280700005D095 /* Release */,
			);
			defaultConfigurationIsVisible = 0;
			defaultConfigurationName = Release;
		};
/* End XCConfigurationList section */
	};
	rootObject = AFF958A224D2806E0005D095 /* Project object */;
}
