// !$*UTF8*$!
{
	archiveVersion = 1;
	classes = {
	};
	objectVersion = 50;
	objects = {

/* Begin PBXBuildFile section */
		AF81394424569FE7000E2A52 /* AppDelegate.swift in Sources */ = {isa = PBXBuildFile; fileRef = AF81394324569FE7000E2A52 /* AppDelegate.swift */; };
		AF81394624569FE7000E2A52 /* SceneDelegate.swift in Sources */ = {isa = PBXBuildFile; fileRef = AF81394524569FE7000E2A52 /* SceneDelegate.swift */; };
		AF81394824569FE7000E2A52 /* ViewController.swift in Sources */ = {isa = PBXBuildFile; fileRef = AF81394724569FE7000E2A52 /* ViewController.swift */; };
		AF81394B24569FE7000E2A52 /* Main.storyboard in Resources */ = {isa = PBXBuildFile; fileRef = AF81394924569FE7000E2A52 /* Main.storyboard */; };
		AF81394D24569FEA000E2A52 /* Assets.xcassets in Resources */ = {isa = PBXBuildFile; fileRef = AF81394C24569FEA000E2A52 /* Assets.xcassets */; };
		AF81395024569FEA000E2A52 /* LaunchScreen.storyboard in Resources */ = {isa = PBXBuildFile; fileRef = AF81394E24569FEA000E2A52 /* LaunchScreen.storyboard */; };
		AF8139582456A733000E2A52 /* NextViewController.swift in Sources */ = {isa = PBXBuildFile; fileRef = AF8139572456A733000E2A52 /* NextViewController.swift */; };
/* End PBXBuildFile section */

/* Begin PBXFileReference section */
		AF81394024569FE7000E2A52 /* 20200427-Practice-ViewController.app */ = {isa = PBXFileReference; explicitFileType = wrapper.application; includeInIndex = 0; path = "20200427-Practice-ViewController.app"; sourceTree = BUILT_PRODUCTS_DIR; };
		AF81394324569FE7000E2A52 /* AppDelegate.swift */ = {isa = PBXFileReference; lastKnownFileType = sourcecode.swift; path = AppDelegate.swift; sourceTree = "<group>"; };
		AF81394524569FE7000E2A52 /* SceneDelegate.swift */ = {isa = PBXFileReference; lastKnownFileType = sourcecode.swift; path = SceneDelegate.swift; sourceTree = "<group>"; };
		AF81394724569FE7000E2A52 /* ViewController.swift */ = {isa = PBXFileReference; lastKnownFileType = sourcecode.swift; path = ViewController.swift; sourceTree = "<group>"; };
		AF81394A24569FE7000E2A52 /* Base */ = {isa = PBXFileReference; lastKnownFileType = file.storyboard; name = Base; path = Base.lproj/Main.storyboard; sourceTree = "<group>"; };
		AF81394C24569FEA000E2A52 /* Assets.xcassets */ = {isa = PBXFileReference; lastKnownFileType = folder.assetcatalog; path = Assets.xcassets; sourceTree = "<group>"; };
		AF81394F24569FEA000E2A52 /* Base */ = {isa = PBXFileReference; lastKnownFileType = file.storyboard; name = Base; path = Base.lproj/LaunchScreen.storyboard; sourceTree = "<group>"; };
		AF81395124569FEA000E2A52 /* Info.plist */ = {isa = PBXFileReference; lastKnownFileType = text.plist.xml; path = Info.plist; sourceTree = "<group>"; };
		AF8139572456A733000E2A52 /* NextViewController.swift */ = {isa = PBXFileReference; lastKnownFileType = sourcecode.swift; path = NextViewController.swift; sourceTree = "<group>"; };
/* End PBXFileReference section */

/* Begin PBXFrameworksBuildPhase section */
		AF81393D24569FE7000E2A52 /* Frameworks */ = {
			isa = PBXFrameworksBuildPhase;
			buildActionMask = 2147483647;
			files = (
			);
			runOnlyForDeploymentPostprocessing = 0;
		};
/* End PBXFrameworksBuildPhase section */

/* Begin PBXGroup section */
		AF81393724569FE7000E2A52 = {
			isa = PBXGroup;
			children = (
				AF81394224569FE7000E2A52 /* 20200427-Practice-ViewController */,
				AF81394124569FE7000E2A52 /* Products */,
			);
			sourceTree = "<group>";
		};
		AF81394124569FE7000E2A52 /* Products */ = {
			isa = PBXGroup;
			children = (
				AF81394024569FE7000E2A52 /* 20200427-Practice-ViewController.app */,
			);
			name = Products;
			sourceTree = "<group>";
		};
		AF81394224569FE7000E2A52 /* 20200427-Practice-ViewController */ = {
			isa = PBXGroup;
			children = (
				AF81394324569FE7000E2A52 /* AppDelegate.swift */,
				AF81394524569FE7000E2A52 /* SceneDelegate.swift */,
				AF81394724569FE7000E2A52 /* ViewController.swift */,
				AF8139572456A733000E2A52 /* NextViewController.swift */,
				AF81394924569FE7000E2A52 /* Main.storyboard */,
				AF81394C24569FEA000E2A52 /* Assets.xcassets */,
				AF81394E24569FEA000E2A52 /* LaunchScreen.storyboard */,
				AF81395124569FEA000E2A52 /* Info.plist */,
			);
			path = "20200427-Practice-ViewController";
			sourceTree = "<group>";
		};
/* End PBXGroup section */

/* Begin PBXNativeTarget section */
		AF81393F24569FE7000E2A52 /* 20200427-Practice-ViewController */ = {
			isa = PBXNativeTarget;
			buildConfigurationList = AF81395424569FEA000E2A52 /* Build configuration list for PBXNativeTarget "20200427-Practice-ViewController" */;
			buildPhases = (
				AF81393C24569FE7000E2A52 /* Sources */,
				AF81393D24569FE7000E2A52 /* Frameworks */,
				AF81393E24569FE7000E2A52 /* Resources */,
			);
			buildRules = (
			);
			dependencies = (
			);
			name = "20200427-Practice-ViewController";
			productName = "20200427-Practice-ViewController";
			productReference = AF81394024569FE7000E2A52 /* 20200427-Practice-ViewController.app */;
			productType = "com.apple.product-type.application";
		};
/* End PBXNativeTarget section */

/* Begin PBXProject section */
		AF81393824569FE7000E2A52 /* Project object */ = {
			isa = PBXProject;
			attributes = {
				LastSwiftUpdateCheck = 1140;
				LastUpgradeCheck = 1140;
				ORGANIZATIONNAME = jwcheon;
				TargetAttributes = {
					AF81393F24569FE7000E2A52 = {
						CreatedOnToolsVersion = 11.4.1;
					};
				};
			};
			buildConfigurationList = AF81393B24569FE7000E2A52 /* Build configuration list for PBXProject "20200427-Practice-ViewController" */;
			compatibilityVersion = "Xcode 9.3";
			developmentRegion = en;
			hasScannedForEncodings = 0;
			knownRegions = (
				en,
				Base,
			);
			mainGroup = AF81393724569FE7000E2A52;
			productRefGroup = AF81394124569FE7000E2A52 /* Products */;
			projectDirPath = "";
			projectRoot = "";
			targets = (
				AF81393F24569FE7000E2A52 /* 20200427-Practice-ViewController */,
			);
		};
/* End PBXProject section */

/* Begin PBXResourcesBuildPhase section */
		AF81393E24569FE7000E2A52 /* Resources */ = {
			isa = PBXResourcesBuildPhase;
			buildActionMask = 2147483647;
			files = (
				AF81395024569FEA000E2A52 /* LaunchScreen.storyboard in Resources */,
				AF81394D24569FEA000E2A52 /* Assets.xcassets in Resources */,
				AF81394B24569FE7000E2A52 /* Main.storyboard in Resources */,
			);
			runOnlyForDeploymentPostprocessing = 0;
		};
/* End PBXResourcesBuildPhase section */

/* Begin PBXSourcesBuildPhase section */
		AF81393C24569FE7000E2A52 /* Sources */ = {
			isa = PBXSourcesBuildPhase;
			buildActionMask = 2147483647;
			files = (
				AF81394824569FE7000E2A52 /* ViewController.swift in Sources */,
				AF8139582456A733000E2A52 /* NextViewController.swift in Sources */,
				AF81394424569FE7000E2A52 /* AppDelegate.swift in Sources */,
				AF81394624569FE7000E2A52 /* SceneDelegate.swift in Sources */,
			);
			runOnlyForDeploymentPostprocessing = 0;
		};
/* End PBXSourcesBuildPhase section */

/* Begin PBXVariantGroup section */
		AF81394924569FE7000E2A52 /* Main.storyboard */ = {
			isa = PBXVariantGroup;
			children = (
				AF81394A24569FE7000E2A52 /* Base */,
			);
			name = Main.storyboard;
			sourceTree = "<group>";
		};
		AF81394E24569FEA000E2A52 /* LaunchScreen.storyboard */ = {
			isa = PBXVariantGroup;
			children = (
				AF81394F24569FEA000E2A52 /* Base */,
			);
			name = LaunchScreen.storyboard;
			sourceTree = "<group>";
		};
/* End PBXVariantGroup section */

/* Begin XCBuildConfiguration section */
		AF81395224569FEA000E2A52 /* Debug */ = {
			isa = XCBuildConfiguration;
			buildSettings = {
				ALWAYS_SEARCH_USER_PATHS = NO;
				CLANG_ANALYZER_NONNULL = YES;
				CLANG_ANALYZER_NUMBER_OBJECT_CONVERSION = YES_AGGRESSIVE;
				CLANG_CXX_LANGUAGE_STANDARD = "gnu++14";
				CLANG_CXX_LIBRARY = "libc++";
				CLANG_ENABLE_MODULES = YES;
				CLANG_ENABLE_OBJC_ARC = YES;
				CLANG_ENABLE_OBJC_WEAK = YES;
				CLANG_WARN_BLOCK_CAPTURE_AUTORELEASING = YES;
				CLANG_WARN_BOOL_CONVERSION = YES;
				CLANG_WARN_COMMA = YES;
				CLANG_WARN_CONSTANT_CONVERSION = YES;
				CLANG_WARN_DEPRECATED_OBJC_IMPLEMENTATIONS = YES;
				CLANG_WARN_DIRECT_OBJC_ISA_USAGE = YES_ERROR;
				CLANG_WARN_DOCUMENTATION_COMMENTS = YES;
				CLANG_WARN_EMPTY_BODY = YES;
				CLANG_WARN_ENUM_CONVERSION = YES;
				CLANG_WARN_INFINITE_RECURSION = YES;
				CLANG_WARN_INT_CONVERSION = YES;
				CLANG_WARN_NON_LITERAL_NULL_CONVERSION = YES;
				CLANG_WARN_OBJC_IMPLICIT_RETAIN_SELF = YES;
				CLANG_WARN_OBJC_LITERAL_CONVERSION = YES;
				CLANG_WARN_OBJC_ROOT_CLASS = YES_ERROR;
				CLANG_WARN_RANGE_LOOP_ANALYSIS = YES;
				CLANG_WARN_STRICT_PROTOTYPES = YES;
				CLANG_WARN_SUSPICIOUS_MOVE = YES;
				CLANG_WARN_UNGUARDED_AVAILABILITY = YES_AGGRESSIVE;
				CLANG_WARN_UNREACHABLE_CODE = YES;
				CLANG_WARN__DUPLICATE_METHOD_MATCH = YES;
				COPY_PHASE_STRIP = NO;
				DEBUG_INFORMATION_FORMAT = dwarf;
				ENABLE_STRICT_OBJC_MSGSEND = YES;
				ENABLE_TESTABILITY = YES;
				GCC_C_LANGUAGE_STANDARD = gnu11;
				GCC_DYNAMIC_NO_PIC = NO;
				GCC_NO_COMMON_BLOCKS = YES;
				GCC_OPTIMIZATION_LEVEL = 0;
				GCC_PREPROCESSOR_DEFINITIONS = (
					"DEBUG=1",
					"$(inherited)",
				);
				GCC_WARN_64_TO_32_BIT_CONVERSION = YES;
				GCC_WARN_ABOUT_RETURN_TYPE = YES_ERROR;
				GCC_WARN_UNDECLARED_SELECTOR = YES;
				GCC_WARN_UNINITIALIZED_AUTOS = YES_AGGRESSIVE;
				GCC_WARN_UNUSED_FUNCTION = YES;
				GCC_WARN_UNUSED_VARIABLE = YES;
				IPHONEOS_DEPLOYMENT_TARGET = 13.4;
				MTL_ENABLE_DEBUG_INFO = INCLUDE_SOURCE;
				MTL_FAST_MATH = YES;
				ONLY_ACTIVE_ARCH = YES;
				SDKROOT = iphoneos;
				SWIFT_ACTIVE_COMPILATION_CONDITIONS = DEBUG;
				SWIFT_OPTIMIZATION_LEVEL = "-Onone";
			};
			name = Debug;
		};
		AF81395324569FEA000E2A52 /* Release */ = {
			isa = XCBuildConfiguration;
			buildSettings = {
				ALWAYS_SEARCH_USER_PATHS = NO;
				CLANG_ANALYZER_NONNULL = YES;
				CLANG_ANALYZER_NUMBER_OBJECT_CONVERSION = YES_AGGRESSIVE;
				CLANG_CXX_LANGUAGE_STANDARD = "gnu++14";
				CLANG_CXX_LIBRARY = "libc++";
				CLANG_ENABLE_MODULES = YES;
				CLANG_ENABLE_OBJC_ARC = YES;
				CLANG_ENABLE_OBJC_WEAK = YES;
				CLANG_WARN_BLOCK_CAPTURE_AUTORELEASING = YES;
				CLANG_WARN_BOOL_CONVERSION = YES;
				CLANG_WARN_COMMA = YES;
				CLANG_WARN_CONSTANT_CONVERSION = YES;
				CLANG_WARN_DEPRECATED_OBJC_IMPLEMENTATIONS = YES;
				CLANG_WARN_DIRECT_OBJC_ISA_USAGE = YES_ERROR;
				CLANG_WARN_DOCUMENTATION_COMMENTS = YES;
				CLANG_WARN_EMPTY_BODY = YES;
				CLANG_WARN_ENUM_CONVERSION = YES;
				CLANG_WARN_INFINITE_RECURSION = YES;
				CLANG_WARN_INT_CONVERSION = YES;
				CLANG_WARN_NON_LITERAL_NULL_CONVERSION = YES;
				CLANG_WARN_OBJC_IMPLICIT_RETAIN_SELF = YES;
				CLANG_WARN_OBJC_LITERAL_CONVERSION = YES;
				CLANG_WARN_OBJC_ROOT_CLASS = YES_ERROR;
				CLANG_WARN_RANGE_LOOP_ANALYSIS = YES;
				CLANG_WARN_STRICT_PROTOTYPES = YES;
				CLANG_WARN_SUSPICIOUS_MOVE = YES;
				CLANG_WARN_UNGUARDED_AVAILABILITY = YES_AGGRESSIVE;
				CLANG_WARN_UNREACHABLE_CODE = YES;
				CLANG_WARN__DUPLICATE_METHOD_MATCH = YES;
				COPY_PHASE_STRIP = NO;
				DEBUG_INFORMATION_FORMAT = "dwarf-with-dsym";
				ENABLE_NS_ASSERTIONS = NO;
				ENABLE_STRICT_OBJC_MSGSEND = YES;
				GCC_C_LANGUAGE_STANDARD = gnu11;
				GCC_NO_COMMON_BLOCKS = YES;
				GCC_WARN_64_TO_32_BIT_CONVERSION = YES;
				GCC_WARN_ABOUT_RETURN_TYPE = YES_ERROR;
				GCC_WARN_UNDECLARED_SELECTOR = YES;
				GCC_WARN_UNINITIALIZED_AUTOS = YES_AGGRESSIVE;
				GCC_WARN_UNUSED_FUNCTION = YES;
				GCC_WARN_UNUSED_VARIABLE = YES;
				IPHONEOS_DEPLOYMENT_TARGET = 13.4;
				MTL_ENABLE_DEBUG_INFO = NO;
				MTL_FAST_MATH = YES;
				SDKROOT = iphoneos;
				SWIFT_COMPILATION_MODE = wholemodule;
				SWIFT_OPTIMIZATION_LEVEL = "-O";
				VALIDATE_PRODUCT = YES;
			};
			name = Release;
		};
		AF81395524569FEA000E2A52 /* Debug */ = {
			isa = XCBuildConfiguration;
			buildSettings = {
				ASSETCATALOG_COMPILER_APPICON_NAME = AppIcon;
				CODE_SIGN_STYLE = Automatic;
				INFOPLIST_FILE = "20200427-Practice-ViewController/Info.plist";
				LD_RUNPATH_SEARCH_PATHS = (
					"$(inherited)",
					"@executable_path/Frameworks",
				);
				PRODUCT_BUNDLE_IDENTIFIER = "com.JWiOS.-0200427-Practice-ViewController";
				PRODUCT_NAME = "$(TARGET_NAME)";
				SWIFT_VERSION = 5.0;
				TARGETED_DEVICE_FAMILY = "1,2";
			};
			name = Debug;
		};
		AF81395624569FEA000E2A52 /* Release */ = {
			isa = XCBuildConfiguration;
			buildSettings = {
				ASSETCATALOG_COMPILER_APPICON_NAME = AppIcon;
				CODE_SIGN_STYLE = Automatic;
				INFOPLIST_FILE = "20200427-Practice-ViewController/Info.plist";
				LD_RUNPATH_SEARCH_PATHS = (
					"$(inherited)",
					"@executable_path/Frameworks",
				);
				PRODUCT_BUNDLE_IDENTIFIER = "com.JWiOS.-0200427-Practice-ViewController";
				PRODUCT_NAME = "$(TARGET_NAME)";
				SWIFT_VERSION = 5.0;
				TARGETED_DEVICE_FAMILY = "1,2";
			};
			name = Release;
		};
/* End XCBuildConfiguration section */

/* Begin XCConfigurationList section */
		AF81393B24569FE7000E2A52 /* Build configuration list for PBXProject "20200427-Practice-ViewController" */ = {
			isa = XCConfigurationList;
			buildConfigurations = (
				AF81395224569FEA000E2A52 /* Debug */,
				AF81395324569FEA000E2A52 /* Release */,
			);
			defaultConfigurationIsVisible = 0;
			defaultConfigurationName = Release;
		};
		AF81395424569FEA000E2A52 /* Build configuration list for PBXNativeTarget "20200427-Practice-ViewController" */ = {
			isa = XCConfigurationList;
			buildConfigurations = (
				AF81395524569FEA000E2A52 /* Debug */,
				AF81395624569FEA000E2A52 /* Release */,
			);
			defaultConfigurationIsVisible = 0;
			defaultConfigurationName = Release;
		};
/* End XCConfigurationList section */
	};
	rootObject = AF81393824569FE7000E2A52 /* Project object */;
}
