// !$*UTF8*$!
{
	archiveVersion = 1;
	classes = {
	};
	objectVersion = 50;
	objects = {

/* Begin PBXBuildFile section */
		0A1F9293F4C177EE5CC63869 /* Pods_CocoapodExample.framework in Frameworks */ = {isa = PBXBuildFile; fileRef = 318995CB7CC5E7E4E5802C9F /* Pods_CocoapodExample.framework */; };
		524D106B24A7C52B0087ED8D /* AppDelegate.swift in Sources */ = {isa = PBXBuildFile; fileRef = 524D106A24A7C52B0087ED8D /* AppDelegate.swift */; };
		524D106D24A7C52B0087ED8D /* SceneDelegate.swift in Sources */ = {isa = PBXBuildFile; fileRef = 524D106C24A7C52B0087ED8D /* SceneDelegate.swift */; };
		524D106F24A7C52B0087ED8D /* ViewController.swift in Sources */ = {isa = PBXBuildFile; fileRef = 524D106E24A7C52B0087ED8D /* ViewController.swift */; };
		524D107224A7C52B0087ED8D /* Main.storyboard in Resources */ = {isa = PBXBuildFile; fileRef = 524D107024A7C52B0087ED8D /* Main.storyboard */; };
		524D107424A7C52D0087ED8D /* Assets.xcassets in Resources */ = {isa = PBXBuildFile; fileRef = 524D107324A7C52D0087ED8D /* Assets.xcassets */; };
		524D107724A7C52D0087ED8D /* LaunchScreen.storyboard in Resources */ = {isa = PBXBuildFile; fileRef = 524D107524A7C52D0087ED8D /* LaunchScreen.storyboard */; };
		524D108D24A8EB230087ED8D /* FloatingLabelViewController.swift in Sources */ = {isa = PBXBuildFile; fileRef = 524D108C24A8EB230087ED8D /* FloatingLabelViewController.swift */; };
/* End PBXBuildFile section */

/* Begin PBXFileReference section */
		318995CB7CC5E7E4E5802C9F /* Pods_CocoapodExample.framework */ = {isa = PBXFileReference; explicitFileType = wrapper.framework; includeInIndex = 0; path = Pods_CocoapodExample.framework; sourceTree = BUILT_PRODUCTS_DIR; };
		524D106724A7C52B0087ED8D /* CocoapodExample.app */ = {isa = PBXFileReference; explicitFileType = wrapper.application; includeInIndex = 0; path = CocoapodExample.app; sourceTree = BUILT_PRODUCTS_DIR; };
		524D106A24A7C52B0087ED8D /* AppDelegate.swift */ = {isa = PBXFileReference; lastKnownFileType = sourcecode.swift; path = AppDelegate.swift; sourceTree = "<group>"; };
		524D106C24A7C52B0087ED8D /* SceneDelegate.swift */ = {isa = PBXFileReference; lastKnownFileType = sourcecode.swift; path = SceneDelegate.swift; sourceTree = "<group>"; };
		524D106E24A7C52B0087ED8D /* ViewController.swift */ = {isa = PBXFileReference; lastKnownFileType = sourcecode.swift; path = ViewController.swift; sourceTree = "<group>"; };
		524D107124A7C52B0087ED8D /* Base */ = {isa = PBXFileReference; lastKnownFileType = file.storyboard; name = Base; path = Base.lproj/Main.storyboard; sourceTree = "<group>"; };
		524D107324A7C52D0087ED8D /* Assets.xcassets */ = {isa = PBXFileReference; lastKnownFileType = folder.assetcatalog; path = Assets.xcassets; sourceTree = "<group>"; };
		524D107624A7C52D0087ED8D /* Base */ = {isa = PBXFileReference; lastKnownFileType = file.storyboard; name = Base; path = Base.lproj/LaunchScreen.storyboard; sourceTree = "<group>"; };
		524D107824A7C52D0087ED8D /* Info.plist */ = {isa = PBXFileReference; lastKnownFileType = text.plist.xml; path = Info.plist; sourceTree = "<group>"; };
		524D108C24A8EB230087ED8D /* FloatingLabelViewController.swift */ = {isa = PBXFileReference; lastKnownFileType = sourcecode.swift; path = FloatingLabelViewController.swift; sourceTree = "<group>"; };
		75B372A902306EAB7FDCE647 /* Pods-CocoapodExample.debug.xcconfig */ = {isa = PBXFileReference; includeInIndex = 1; lastKnownFileType = text.xcconfig; name = "Pods-CocoapodExample.debug.xcconfig"; path = "Target Support Files/Pods-CocoapodExample/Pods-CocoapodExample.debug.xcconfig"; sourceTree = "<group>"; };
		E5CFB3ACC344179DFF87C106 /* Pods-CocoapodExample.release.xcconfig */ = {isa = PBXFileReference; includeInIndex = 1; lastKnownFileType = text.xcconfig; name = "Pods-CocoapodExample.release.xcconfig"; path = "Target Support Files/Pods-CocoapodExample/Pods-CocoapodExample.release.xcconfig"; sourceTree = "<group>"; };
/* End PBXFileReference section */

/* Begin PBXFrameworksBuildPhase section */
		524D106424A7C52B0087ED8D /* Frameworks */ = {
			isa = PBXFrameworksBuildPhase;
			buildActionMask = 2147483647;
			files = (
				0A1F9293F4C177EE5CC63869 /* Pods_CocoapodExample.framework in Frameworks */,
			);
			runOnlyForDeploymentPostprocessing = 0;
		};
/* End PBXFrameworksBuildPhase section */

/* Begin PBXGroup section */
		524D105E24A7C52B0087ED8D = {
			isa = PBXGroup;
			children = (
				524D106924A7C52B0087ED8D /* CocoapodExample */,
				524D106824A7C52B0087ED8D /* Products */,
				91F0C82E18C43D0055BD335A /* Pods */,
				5FDB98661CA841C4A91194E8 /* Frameworks */,
			);
			sourceTree = "<group>";
		};
		524D106824A7C52B0087ED8D /* Products */ = {
			isa = PBXGroup;
			children = (
				524D106724A7C52B0087ED8D /* CocoapodExample.app */,
			);
			name = Products;
			sourceTree = "<group>";
		};
		524D106924A7C52B0087ED8D /* CocoapodExample */ = {
			isa = PBXGroup;
			children = (
				524D106E24A7C52B0087ED8D /* ViewController.swift */,
				524D108C24A8EB230087ED8D /* FloatingLabelViewController.swift */,
				524D107E24A7C53B0087ED8D /* Supporting Files */,
			);
			path = CocoapodExample;
			sourceTree = "<group>";
		};
		524D107E24A7C53B0087ED8D /* Supporting Files */ = {
			isa = PBXGroup;
			children = (
				524D106A24A7C52B0087ED8D /* AppDelegate.swift */,
				524D106C24A7C52B0087ED8D /* SceneDelegate.swift */,
				524D107024A7C52B0087ED8D /* Main.storyboard */,
				524D107324A7C52D0087ED8D /* Assets.xcassets */,
				524D107524A7C52D0087ED8D /* LaunchScreen.storyboard */,
				524D107824A7C52D0087ED8D /* Info.plist */,
			);
			path = "Supporting Files";
			sourceTree = "<group>";
		};
		5FDB98661CA841C4A91194E8 /* Frameworks */ = {
			isa = PBXGroup;
			children = (
				318995CB7CC5E7E4E5802C9F /* Pods_CocoapodExample.framework */,
			);
			name = Frameworks;
			sourceTree = "<group>";
		};
		91F0C82E18C43D0055BD335A /* Pods */ = {
			isa = PBXGroup;
			children = (
				75B372A902306EAB7FDCE647 /* Pods-CocoapodExample.debug.xcconfig */,
				E5CFB3ACC344179DFF87C106 /* Pods-CocoapodExample.release.xcconfig */,
			);
			name = Pods;
			path = Pods;
			sourceTree = "<group>";
		};
/* End PBXGroup section */

/* Begin PBXNativeTarget section */
		524D106624A7C52B0087ED8D /* CocoapodExample */ = {
			isa = PBXNativeTarget;
			buildConfigurationList = 524D107B24A7C52D0087ED8D /* Build configuration list for PBXNativeTarget "CocoapodExample" */;
			buildPhases = (
				AAE7A4D556A9EE22C254D2E7 /* [CP] Check Pods Manifest.lock */,
				524D106324A7C52B0087ED8D /* Sources */,
				524D106424A7C52B0087ED8D /* Frameworks */,
				524D106524A7C52B0087ED8D /* Resources */,
				65BF5C233BBB9339167E13A2 /* [CP] Embed Pods Frameworks */,
			);
			buildRules = (
			);
			dependencies = (
			);
			name = CocoapodExample;
			productName = CocoapodExample;
			productReference = 524D106724A7C52B0087ED8D /* CocoapodExample.app */;
			productType = "com.apple.product-type.application";
		};
/* End PBXNativeTarget section */

/* Begin PBXProject section */
		524D105F24A7C52B0087ED8D /* Project object */ = {
			isa = PBXProject;
			attributes = {
				LastSwiftUpdateCheck = 1150;
				LastUpgradeCheck = 1150;
				ORGANIZATIONNAME = Giftbot;
				TargetAttributes = {
					524D106624A7C52B0087ED8D = {
						CreatedOnToolsVersion = 11.5;
					};
				};
			};
			buildConfigurationList = 524D106224A7C52B0087ED8D /* Build configuration list for PBXProject "CocoapodExample" */;
			compatibilityVersion = "Xcode 9.3";
			developmentRegion = en;
			hasScannedForEncodings = 0;
			knownRegions = (
				en,
				Base,
			);
			mainGroup = 524D105E24A7C52B0087ED8D;
			productRefGroup = 524D106824A7C52B0087ED8D /* Products */;
			projectDirPath = "";
			projectRoot = "";
			targets = (
				524D106624A7C52B0087ED8D /* CocoapodExample */,
			);
		};
/* End PBXProject section */

/* Begin PBXResourcesBuildPhase section */
		524D106524A7C52B0087ED8D /* Resources */ = {
			isa = PBXResourcesBuildPhase;
			buildActionMask = 2147483647;
			files = (
				524D107724A7C52D0087ED8D /* LaunchScreen.storyboard in Resources */,
				524D107424A7C52D0087ED8D /* Assets.xcassets in Resources */,
				524D107224A7C52B0087ED8D /* Main.storyboard in Resources */,
			);
			runOnlyForDeploymentPostprocessing = 0;
		};
/* End PBXResourcesBuildPhase section */

/* Begin PBXShellScriptBuildPhase section */
		65BF5C233BBB9339167E13A2 /* [CP] Embed Pods Frameworks */ = {
			isa = PBXShellScriptBuildPhase;
			buildActionMask = 2147483647;
			files = (
			);
			inputFileListPaths = (
				"${PODS_ROOT}/Target Support Files/Pods-CocoapodExample/Pods-CocoapodExample-frameworks-${CONFIGURATION}-input-files.xcfilelist",
			);
			name = "[CP] Embed Pods Frameworks";
			outputFileListPaths = (
				"${PODS_ROOT}/Target Support Files/Pods-CocoapodExample/Pods-CocoapodExample-frameworks-${CONFIGURATION}-output-files.xcfilelist",
			);
			runOnlyForDeploymentPostprocessing = 0;
			shellPath = /bin/sh;
			shellScript = "\"${PODS_ROOT}/Target Support Files/Pods-CocoapodExample/Pods-CocoapodExample-frameworks.sh\"\n";
			showEnvVarsInLog = 0;
		};
		AAE7A4D556A9EE22C254D2E7 /* [CP] Check Pods Manifest.lock */ = {
			isa = PBXShellScriptBuildPhase;
			buildActionMask = 2147483647;
			files = (
			);
			inputFileListPaths = (
			);
			inputPaths = (
				"${PODS_PODFILE_DIR_PATH}/Podfile.lock",
				"${PODS_ROOT}/Manifest.lock",
			);
			name = "[CP] Check Pods Manifest.lock";
			outputFileListPaths = (
			);
			outputPaths = (
				"$(DERIVED_FILE_DIR)/Pods-CocoapodExample-checkManifestLockResult.txt",
			);
			runOnlyForDeploymentPostprocessing = 0;
			shellPath = /bin/sh;
			shellScript = "diff \"${PODS_PODFILE_DIR_PATH}/Podfile.lock\" \"${PODS_ROOT}/Manifest.lock\" > /dev/null\nif [ $? != 0 ] ; then\n    # print error to STDERR\n    echo \"error: The sandbox is not in sync with the Podfile.lock. Run 'pod install' or update your CocoaPods installation.\" >&2\n    exit 1\nfi\n# This output is used by Xcode 'outputs' to avoid re-running this script phase.\necho \"SUCCESS\" > \"${SCRIPT_OUTPUT_FILE_0}\"\n";
			showEnvVarsInLog = 0;
		};
/* End PBXShellScriptBuildPhase section */

/* Begin PBXSourcesBuildPhase section */
		524D106324A7C52B0087ED8D /* Sources */ = {
			isa = PBXSourcesBuildPhase;
			buildActionMask = 2147483647;
			files = (
				524D106F24A7C52B0087ED8D /* ViewController.swift in Sources */,
				524D108D24A8EB230087ED8D /* FloatingLabelViewController.swift in Sources */,
				524D106B24A7C52B0087ED8D /* AppDelegate.swift in Sources */,
				524D106D24A7C52B0087ED8D /* SceneDelegate.swift in Sources */,
			);
			runOnlyForDeploymentPostprocessing = 0;
		};
/* End PBXSourcesBuildPhase section */

/* Begin PBXVariantGroup section */
		524D107024A7C52B0087ED8D /* Main.storyboard */ = {
			isa = PBXVariantGroup;
			children = (
				524D107124A7C52B0087ED8D /* Base */,
			);
			name = Main.storyboard;
			sourceTree = "<group>";
		};
		524D107524A7C52D0087ED8D /* LaunchScreen.storyboard */ = {
			isa = PBXVariantGroup;
			children = (
				524D107624A7C52D0087ED8D /* Base */,
			);
			name = LaunchScreen.storyboard;
			sourceTree = "<group>";
		};
/* End PBXVariantGroup section */

/* Begin XCBuildConfiguration section */
		524D107924A7C52D0087ED8D /* Debug */ = {
			isa = XCBuildConfiguration;
			buildSettings = {
				ALWAYS_SEARCH_USER_PATHS = NO;
				CLANG_ANALYZER_NONNULL = YES;
				CLANG_ANALYZER_NUMBER_OBJECT_CONVERSION = YES_AGGRESSIVE;
				CLANG_CXX_LANGUAGE_STANDARD = "gnu++14";
				CLANG_CXX_LIBRARY = "libc++";
				CLANG_ENABLE_MODULES = YES;
				CLANG_ENABLE_OBJC_ARC = YES;
				CLANG_ENABLE_OBJC_WEAK = YES;
				CLANG_WARN_BLOCK_CAPTURE_AUTORELEASING = YES;
				CLANG_WARN_BOOL_CONVERSION = YES;
				CLANG_WARN_COMMA = YES;
				CLANG_WARN_CONSTANT_CONVERSION = YES;
				CLANG_WARN_DEPRECATED_OBJC_IMPLEMENTATIONS = YES;
				CLANG_WARN_DIRECT_OBJC_ISA_USAGE = YES_ERROR;
				CLANG_WARN_DOCUMENTATION_COMMENTS = YES;
				CLANG_WARN_EMPTY_BODY = YES;
				CLANG_WARN_ENUM_CONVERSION = YES;
				CLANG_WARN_INFINITE_RECURSION = YES;
				CLANG_WARN_INT_CONVERSION = YES;
				CLANG_WARN_NON_LITERAL_NULL_CONVERSION = YES;
				CLANG_WARN_OBJC_IMPLICIT_RETAIN_SELF = YES;
				CLANG_WARN_OBJC_LITERAL_CONVERSION = YES;
				CLANG_WARN_OBJC_ROOT_CLASS = YES_ERROR;
				CLANG_WARN_RANGE_LOOP_ANALYSIS = YES;
				CLANG_WARN_STRICT_PROTOTYPES = YES;
				CLANG_WARN_SUSPICIOUS_MOVE = YES;
				CLANG_WARN_UNGUARDED_AVAILABILITY = YES_AGGRESSIVE;
				CLANG_WARN_UNREACHABLE_CODE = YES;
				CLANG_WARN__DUPLICATE_METHOD_MATCH = YES;
				COPY_PHASE_STRIP = NO;
				DEBUG_INFORMATION_FORMAT = dwarf;
				ENABLE_STRICT_OBJC_MSGSEND = YES;
				ENABLE_TESTABILITY = YES;
				GCC_C_LANGUAGE_STANDARD = gnu11;
				GCC_DYNAMIC_NO_PIC = NO;
				GCC_NO_COMMON_BLOCKS = YES;
				GCC_OPTIMIZATION_LEVEL = 0;
				GCC_PREPROCESSOR_DEFINITIONS = (
					"DEBUG=1",
					"$(inherited)",
				);
				GCC_WARN_64_TO_32_BIT_CONVERSION = YES;
				GCC_WARN_ABOUT_RETURN_TYPE = YES_ERROR;
				GCC_WARN_UNDECLARED_SELECTOR = YES;
				GCC_WARN_UNINITIALIZED_AUTOS = YES_AGGRESSIVE;
				GCC_WARN_UNUSED_FUNCTION = YES;
				GCC_WARN_UNUSED_VARIABLE = YES;
				IPHONEOS_DEPLOYMENT_TARGET = 13.5;
				MTL_ENABLE_DEBUG_INFO = INCLUDE_SOURCE;
				MTL_FAST_MATH = YES;
				ONLY_ACTIVE_ARCH = YES;
				SDKROOT = iphoneos;
				SWIFT_ACTIVE_COMPILATION_CONDITIONS = DEBUG;
				SWIFT_OPTIMIZATION_LEVEL = "-Onone";
			};
			name = Debug;
		};
		524D107A24A7C52D0087ED8D /* Release */ = {
			isa = XCBuildConfiguration;
			buildSettings = {
				ALWAYS_SEARCH_USER_PATHS = NO;
				CLANG_ANALYZER_NONNULL = YES;
				CLANG_ANALYZER_NUMBER_OBJECT_CONVERSION = YES_AGGRESSIVE;
				CLANG_CXX_LANGUAGE_STANDARD = "gnu++14";
				CLANG_CXX_LIBRARY = "libc++";
				CLANG_ENABLE_MODULES = YES;
				CLANG_ENABLE_OBJC_ARC = YES;
				CLANG_ENABLE_OBJC_WEAK = YES;
				CLANG_WARN_BLOCK_CAPTURE_AUTORELEASING = YES;
				CLANG_WARN_BOOL_CONVERSION = YES;
				CLANG_WARN_COMMA = YES;
				CLANG_WARN_CONSTANT_CONVERSION = YES;
				CLANG_WARN_DEPRECATED_OBJC_IMPLEMENTATIONS = YES;
				CLANG_WARN_DIRECT_OBJC_ISA_USAGE = YES_ERROR;
				CLANG_WARN_DOCUMENTATION_COMMENTS = YES;
				CLANG_WARN_EMPTY_BODY = YES;
				CLANG_WARN_ENUM_CONVERSION = YES;
				CLANG_WARN_INFINITE_RECURSION = YES;
				CLANG_WARN_INT_CONVERSION = YES;
				CLANG_WARN_NON_LITERAL_NULL_CONVERSION = YES;
				CLANG_WARN_OBJC_IMPLICIT_RETAIN_SELF = YES;
				CLANG_WARN_OBJC_LITERAL_CONVERSION = YES;
				CLANG_WARN_OBJC_ROOT_CLASS = YES_ERROR;
				CLANG_WARN_RANGE_LOOP_ANALYSIS = YES;
				CLANG_WARN_STRICT_PROTOTYPES = YES;
				CLANG_WARN_SUSPICIOUS_MOVE = YES;
				CLANG_WARN_UNGUARDED_AVAILABILITY = YES_AGGRESSIVE;
				CLANG_WARN_UNREACHABLE_CODE = YES;
				CLANG_WARN__DUPLICATE_METHOD_MATCH = YES;
				COPY_PHASE_STRIP = NO;
				DEBUG_INFORMATION_FORMAT = "dwarf-with-dsym";
				ENABLE_NS_ASSERTIONS = NO;
				ENABLE_STRICT_OBJC_MSGSEND = YES;
				GCC_C_LANGUAGE_STANDARD = gnu11;
				GCC_NO_COMMON_BLOCKS = YES;
				GCC_WARN_64_TO_32_BIT_CONVERSION = YES;
				GCC_WARN_ABOUT_RETURN_TYPE = YES_ERROR;
				GCC_WARN_UNDECLARED_SELECTOR = YES;
				GCC_WARN_UNINITIALIZED_AUTOS = YES_AGGRESSIVE;
				GCC_WARN_UNUSED_FUNCTION = YES;
				GCC_WARN_UNUSED_VARIABLE = YES;
				IPHONEOS_DEPLOYMENT_TARGET = 13.5;
				MTL_ENABLE_DEBUG_INFO = NO;
				MTL_FAST_MATH = YES;
				SDKROOT = iphoneos;
				SWIFT_COMPILATION_MODE = wholemodule;
				SWIFT_OPTIMIZATION_LEVEL = "-O";
				VALIDATE_PRODUCT = YES;
			};
			name = Release;
		};
		524D107C24A7C52D0087ED8D /* Debug */ = {
			isa = XCBuildConfiguration;
			baseConfigurationReference = 75B372A902306EAB7FDCE647 /* Pods-CocoapodExample.debug.xcconfig */;
			buildSettings = {
				ASSETCATALOG_COMPILER_APPICON_NAME = AppIcon;
				CODE_SIGN_STYLE = Automatic;
				INFOPLIST_FILE = "$(SRCROOT)/CocoapodExample/Supporting Files/Info.plist";
				LD_RUNPATH_SEARCH_PATHS = (
					"$(inherited)",
					"@executable_path/Frameworks",
				);
				PRODUCT_BUNDLE_IDENTIFIER = kr.giftbot.examples.CocoapodExample;
				PRODUCT_NAME = "$(TARGET_NAME)";
				SWIFT_VERSION = 5.0;
				TARGETED_DEVICE_FAMILY = "1,2";
			};
			name = Debug;
		};
		524D107D24A7C52D0087ED8D /* Release */ = {
			isa = XCBuildConfiguration;
			baseConfigurationReference = E5CFB3ACC344179DFF87C106 /* Pods-CocoapodExample.release.xcconfig */;
			buildSettings = {
				ASSETCATALOG_COMPILER_APPICON_NAME = AppIcon;
				CODE_SIGN_STYLE = Automatic;
				INFOPLIST_FILE = "$(SRCROOT)/CocoapodExample/Supporting Files/Info.plist";
				LD_RUNPATH_SEARCH_PATHS = (
					"$(inherited)",
					"@executable_path/Frameworks",
				);
				PRODUCT_BUNDLE_IDENTIFIER = kr.giftbot.examples.CocoapodExample;
				PRODUCT_NAME = "$(TARGET_NAME)";
				SWIFT_VERSION = 5.0;
				TARGETED_DEVICE_FAMILY = "1,2";
			};
			name = Release;
		};
/* End XCBuildConfiguration section */

/* Begin XCConfigurationList section */
		524D106224A7C52B0087ED8D /* Build configuration list for PBXProject "CocoapodExample" */ = {
			isa = XCConfigurationList;
			buildConfigurations = (
				524D107924A7C52D0087ED8D /* Debug */,
				524D107A24A7C52D0087ED8D /* Release */,
			);
			defaultConfigurationIsVisible = 0;
			defaultConfigurationName = Release;
		};
		524D107B24A7C52D0087ED8D /* Build configuration list for PBXNativeTarget "CocoapodExample" */ = {
			isa = XCConfigurationList;
			buildConfigurations = (
				524D107C24A7C52D0087ED8D /* Debug */,
				524D107D24A7C52D0087ED8D /* Release */,
			);
			defaultConfigurationIsVisible = 0;
			defaultConfigurationName = Release;
		};
/* End XCConfigurationList section */
	};
	rootObject = 524D105F24A7C52B0087ED8D /* Project object */;
}
